# Generated by pub
# See https://www.dartlang.org/tools/pub/glossary#lockfile
packages:
  file:
    dependency: "direct main"
    description:
      name: file
      url: "https://pub.dartlang.org"
    source: hosted
    version: "5.0.7"
  intl:
    dependency: "direct main"
    description:
      name: intl
      url: "https://pub.dartlang.org"
    source: hosted
    version: "0.15.7"
  meta:
    dependency: "direct main"
    description:
      name: meta
      url: "https://pub.dartlang.org"
    source: hosted
    version: "1.1.6"
  path:
    dependency: "direct main"
    description:
      name: path
      url: "https://pub.dartlang.org"
    source: hosted
    version: "1.6.2"
  platform:
    dependency: "direct main"
    description:
      name: platform
      url: "https://pub.dartlang.org"
    source: hosted
    version: "2.2.0"
  process:
    dependency: "direct main"
    description:
      name: process
      url: "https://pub.dartlang.org"
    source: hosted
    version: "3.0.9"
sdks:
  dart: ">=2.0.0-dev.68.0 <3.0.0"
