<?xml version="1.0" encoding="utf-8"?>
<Project ToolsVersion="4.0" xmlns="http://schemas.microsoft.com/developer/msbuild/2003">
  <ItemGroup>
    <Filter Include="Source Files">
      <UniqueIdentifier>{4FC737F1-C7A5-4376-A066-2A32D752A2FF}</UniqueIdentifier>
      <Extensions>cpp;c;cc;cxx;def;odl;idl;hpj;bat;asm;asmx</Extensions>
    </Filter>
    <Filter Include="Header Files">
      <UniqueIdentifier>{93995380-89BD-4b04-88EB-625FBE52EBFB}</UniqueIdentifier>
      <Extensions>h;hh;hpp;hxx;hm;inl;inc;ipp;xsd</Extensions>
    </Filter>
    <Filter Include="Resource Files">
      <UniqueIdentifier>{67DA6AB6-F800-4c08-8B7A-83BB121AAD01}</UniqueIdentifier>
      <Extensions>rc;ico;cur;bmp;dlg;rc2;rct;bin;rgs;gif;jpg;jpeg;jpe;resx;tiff;tif;png;wav;mfcribbon-ms</Extensions>
    </Filter>
    <Filter Include="Source Files\cpp_client_wrapper">
      <UniqueIdentifier>{dbe2dac9-4a21-4849-bef5-2069d695609d}</UniqueIdentifier>
    </Filter>
  </ItemGroup>
  <ItemGroup>
    <ClInclude Include="stdafx.h">
      <Filter>Header Files</Filter>
    </ClInclude>
    <ClInclude Include="targetver.h">
      <Filter>Header Files</Filter>
    </ClInclude>
    <ClInclude Include="$(FlutterPluginName)_plugin.h">
      <Filter>Source Files</Filter>
    </ClInclude>
  </ItemGroup>
  <ItemGroup>
    <ClCompile Include="$(FLUTTER_EPHEMERAL_DIR)\cpp_client_wrapper\plugin_registrar.cc">
      <Filter>Source Files\cpp_client_wrapper</Filter>
    </ClCompile>
    <ClCompile Include="$(FLUTTER_EPHEMERAL_DIR)\cpp_client_wrapper\standard_codec.cc">
      <Filter>Source Files\cpp_client_wrapper</Filter>
    </ClCompile>
    <ClCompile Include="$(FLUTTER_EPHEMERAL_DIR)\cpp_client_wrapper\engine_method_result.cc">
      <Filter>Source Files\cpp_client_wrapper</Filter>
    </ClCompile>
    <ClCompile Include="$(FlutterPluginName)_plugin.cpp">
      <Filter>Source Files</Filter>
    </ClCompile>
  </ItemGroup>
</Project>
