# This is a Gradle generated file for dependency locking.
# Manual edits can break the build and are not advised.
# This file is expected to be part of source control.
androidx.activity:activity:1.0.0=debugAndroidTestCompileClasspath,debugCompileClasspath,debugImplementationDependenciesMetadata,debugRuntimeClasspath,debugUnitTestCompileClasspath,debugUnitTestRuntimeClasspath,implementationDependenciesMetadata,releaseCompileClasspath,releaseImplementationDependenciesMetadata,releaseRuntimeClasspath,releaseUnitTestCompileClasspath,releaseUnitTestRuntimeClasspath
androidx.annotation:annotation-experimental:1.1.0=debugAndroidTestCompileClasspath,debugCompileClasspath,debugImplementationDependenciesMetadata,debugRuntimeClasspath,debugUnitTestCompileClasspath,debugUnitTestRuntimeClasspath,implementationDependenciesMetadata,releaseCompileClasspath,releaseImplementationDependenciesMetadata,releaseRuntimeClasspath,releaseUnitTestCompileClasspath,releaseUnitTestRuntimeClasspath
androidx.annotation:annotation:1.0.0=androidTestImplementationDependenciesMetadata,debugAndroidTestImplementationDependenciesMetadata
androidx.annotation:annotation:1.2.0=debugAndroidTestCompileClasspath,debugAndroidTestRuntimeClasspath,debugCompileClasspath,debugImplementationDependenciesMetadata,debugRuntimeClasspath,debugUnitTestCompileClasspath,debugUnitTestRuntimeClasspath,implementationDependenciesMetadata,releaseCompileClasspath,releaseImplementationDependenciesMetadata,releaseRuntimeClasspath,releaseUnitTestCompileClasspath,releaseUnitTestRuntimeClasspath
androidx.appcompat:appcompat:1.0.0=debugAndroidTestCompileClasspath,debugCompileClasspath,debugImplementationDependenciesMetadata,debugRuntimeClasspath,debugUnitTestCompileClasspath,debugUnitTestRuntimeClasspath,implementationDependenciesMetadata,releaseCompileClasspath,releaseImplementationDependenciesMetadata,releaseRuntimeClasspath,releaseUnitTestCompileClasspath,releaseUnitTestRuntimeClasspath
androidx.arch.core:core-common:2.1.0=debugAndroidTestCompileClasspath,debugCompileClasspath,debugImplementationDependenciesMetadata,debugRuntimeClasspath,debugUnitTestCompileClasspath,debugUnitTestRuntimeClasspath,implementationDependenciesMetadata,releaseCompileClasspath,releaseImplementationDependenciesMetadata,releaseRuntimeClasspath,releaseUnitTestCompileClasspath,releaseUnitTestRuntimeClasspath
androidx.arch.core:core-runtime:2.0.0=debugAndroidTestCompileClasspath,debugCompileClasspath,debugImplementationDependenciesMetadata,debugRuntimeClasspath,debugUnitTestCompileClasspath,debugUnitTestRuntimeClasspath,implementationDependenciesMetadata,releaseCompileClasspath,releaseImplementationDependenciesMetadata,releaseRuntimeClasspath,releaseUnitTestCompileClasspath,releaseUnitTestRuntimeClasspath
androidx.asynclayoutinflater:asynclayoutinflater:1.0.0=debugAndroidTestCompileClasspath,debugCompileClasspath,debugImplementationDependenciesMetadata,debugRuntimeClasspath,debugUnitTestCompileClasspath,debugUnitTestRuntimeClasspath,implementationDependenciesMetadata,releaseCompileClasspath,releaseImplementationDependenciesMetadata,releaseRuntimeClasspath,releaseUnitTestCompileClasspath,releaseUnitTestRuntimeClasspath
androidx.cardview:cardview:1.0.0=debugAndroidTestCompileClasspath,debugCompileClasspath,debugImplementationDependenciesMetadata,debugRuntimeClasspath,debugUnitTestCompileClasspath,debugUnitTestRuntimeClasspath,implementationDependenciesMetadata,releaseCompileClasspath,releaseImplementationDependenciesMetadata,releaseRuntimeClasspath,releaseUnitTestCompileClasspath,releaseUnitTestRuntimeClasspath
androidx.collection:collection:1.1.0=debugAndroidTestCompileClasspath,debugCompileClasspath,debugImplementationDependenciesMetadata,debugRuntimeClasspath,debugUnitTestCompileClasspath,debugUnitTestRuntimeClasspath,implementationDependenciesMetadata,releaseCompileClasspath,releaseImplementationDependenciesMetadata,releaseRuntimeClasspath,releaseUnitTestCompileClasspath,releaseUnitTestRuntimeClasspath
androidx.constraintlayout:constraintlayout-solver:1.1.3=debugAndroidTestCompileClasspath,debugCompileClasspath,debugImplementationDependenciesMetadata,debugRuntimeClasspath,debugUnitTestCompileClasspath,debugUnitTestRuntimeClasspath,implementationDependenciesMetadata,releaseCompileClasspath,releaseImplementationDependenciesMetadata,releaseRuntimeClasspath,releaseUnitTestCompileClasspath,releaseUnitTestRuntimeClasspath
androidx.constraintlayout:constraintlayout:1.1.3=debugAndroidTestCompileClasspath,debugCompileClasspath,debugImplementationDependenciesMetadata,debugRuntimeClasspath,debugUnitTestCompileClasspath,debugUnitTestRuntimeClasspath,implementationDependenciesMetadata,releaseCompileClasspath,releaseImplementationDependenciesMetadata,releaseRuntimeClasspath,releaseUnitTestCompileClasspath,releaseUnitTestRuntimeClasspath
androidx.coordinatorlayout:coordinatorlayout:1.0.0=debugAndroidTestCompileClasspath,debugCompileClasspath,debugImplementationDependenciesMetadata,debugRuntimeClasspath,debugUnitTestCompileClasspath,debugUnitTestRuntimeClasspath,implementationDependenciesMetadata,releaseCompileClasspath,releaseImplementationDependenciesMetadata,releaseRuntimeClasspath,releaseUnitTestCompileClasspath,releaseUnitTestRuntimeClasspath
androidx.core:core:1.6.0=debugAndroidTestCompileClasspath,debugCompileClasspath,debugImplementationDependenciesMetadata,debugRuntimeClasspath,debugUnitTestCompileClasspath,debugUnitTestRuntimeClasspath,implementationDependenciesMetadata,releaseCompileClasspath,releaseImplementationDependenciesMetadata,releaseRuntimeClasspath,releaseUnitTestCompileClasspath,releaseUnitTestRuntimeClasspath
androidx.cursoradapter:cursoradapter:1.0.0=debugAndroidTestCompileClasspath,debugCompileClasspath,debugImplementationDependenciesMetadata,debugRuntimeClasspath,debugUnitTestCompileClasspath,debugUnitTestRuntimeClasspath,implementationDependenciesMetadata,releaseCompileClasspath,releaseImplementationDependenciesMetadata,releaseRuntimeClasspath,releaseUnitTestCompileClasspath,releaseUnitTestRuntimeClasspath
androidx.customview:customview:1.0.0=debugAndroidTestCompileClasspath,debugCompileClasspath,debugImplementationDependenciesMetadata,debugRuntimeClasspath,debugUnitTestCompileClasspath,debugUnitTestRuntimeClasspath,implementationDependenciesMetadata,releaseCompileClasspath,releaseImplementationDependenciesMetadata,releaseRuntimeClasspath,releaseUnitTestCompileClasspath,releaseUnitTestRuntimeClasspath
androidx.documentfile:documentfile:1.0.0=debugAndroidTestCompileClasspath,debugCompileClasspath,debugImplementationDependenciesMetadata,debugRuntimeClasspath,debugUnitTestCompileClasspath,debugUnitTestRuntimeClasspath,implementationDependenciesMetadata,releaseCompileClasspath,releaseImplementationDependenciesMetadata,releaseRuntimeClasspath,releaseUnitTestCompileClasspath,releaseUnitTestRuntimeClasspath
androidx.drawerlayout:drawerlayout:1.0.0=debugAndroidTestCompileClasspath,debugCompileClasspath,debugImplementationDependenciesMetadata,debugRuntimeClasspath,debugUnitTestCompileClasspath,debugUnitTestRuntimeClasspath,implementationDependenciesMetadata,releaseCompileClasspath,releaseImplementationDependenciesMetadata,releaseRuntimeClasspath,releaseUnitTestCompileClasspath,releaseUnitTestRuntimeClasspath
androidx.fragment:fragment:1.1.0=debugAndroidTestCompileClasspath,debugCompileClasspath,debugImplementationDependenciesMetadata,debugRuntimeClasspath,debugUnitTestCompileClasspath,debugUnitTestRuntimeClasspath,implementationDependenciesMetadata,releaseCompileClasspath,releaseImplementationDependenciesMetadata,releaseRuntimeClasspath,releaseUnitTestCompileClasspath,releaseUnitTestRuntimeClasspath
androidx.interpolator:interpolator:1.0.0=debugAndroidTestCompileClasspath,debugCompileClasspath,debugImplementationDependenciesMetadata,debugRuntimeClasspath,debugUnitTestCompileClasspath,debugUnitTestRuntimeClasspath,implementationDependenciesMetadata,releaseCompileClasspath,releaseImplementationDependenciesMetadata,releaseRuntimeClasspath,releaseUnitTestCompileClasspath,releaseUnitTestRuntimeClasspath
androidx.legacy:legacy-support-core-ui:1.0.0=debugAndroidTestCompileClasspath,debugCompileClasspath,debugImplementationDependenciesMetadata,debugRuntimeClasspath,debugUnitTestCompileClasspath,debugUnitTestRuntimeClasspath,implementationDependenciesMetadata,releaseCompileClasspath,releaseImplementationDependenciesMetadata,releaseRuntimeClasspath,releaseUnitTestCompileClasspath,releaseUnitTestRuntimeClasspath
androidx.legacy:legacy-support-core-utils:1.0.0=debugAndroidTestCompileClasspath,debugCompileClasspath,debugImplementationDependenciesMetadata,debugRuntimeClasspath,debugUnitTestCompileClasspath,debugUnitTestRuntimeClasspath,implementationDependenciesMetadata,releaseCompileClasspath,releaseImplementationDependenciesMetadata,releaseRuntimeClasspath,releaseUnitTestCompileClasspath,releaseUnitTestRuntimeClasspath
androidx.lifecycle:lifecycle-common-java8:2.2.0=debugAndroidTestCompileClasspath,debugCompileClasspath,debugImplementationDependenciesMetadata,debugRuntimeClasspath,debugUnitTestCompileClasspath,debugUnitTestRuntimeClasspath,implementationDependenciesMetadata,releaseCompileClasspath,releaseImplementationDependenciesMetadata,releaseRuntimeClasspath,releaseUnitTestCompileClasspath,releaseUnitTestRuntimeClasspath
androidx.lifecycle:lifecycle-common:2.2.0=debugAndroidTestCompileClasspath,debugCompileClasspath,debugImplementationDependenciesMetadata,debugRuntimeClasspath,debugUnitTestCompileClasspath,debugUnitTestRuntimeClasspath,implementationDependenciesMetadata,releaseCompileClasspath,releaseImplementationDependenciesMetadata,releaseRuntimeClasspath,releaseUnitTestCompileClasspath,releaseUnitTestRuntimeClasspath
androidx.lifecycle:lifecycle-livedata-core:2.0.0=debugAndroidTestCompileClasspath,debugCompileClasspath,debugImplementationDependenciesMetadata,debugRuntimeClasspath,debugUnitTestCompileClasspath,debugUnitTestRuntimeClasspath,implementationDependenciesMetadata,releaseCompileClasspath,releaseImplementationDependenciesMetadata,releaseRuntimeClasspath,releaseUnitTestCompileClasspath,releaseUnitTestRuntimeClasspath
androidx.lifecycle:lifecycle-livedata:2.0.0=debugAndroidTestCompileClasspath,debugCompileClasspath,debugImplementationDependenciesMetadata,debugRuntimeClasspath,debugUnitTestCompileClasspath,debugUnitTestRuntimeClasspath,implementationDependenciesMetadata,releaseCompileClasspath,releaseImplementationDependenciesMetadata,releaseRuntimeClasspath,releaseUnitTestCompileClasspath,releaseUnitTestRuntimeClasspath
androidx.lifecycle:lifecycle-runtime:2.2.0=debugAndroidTestCompileClasspath,debugCompileClasspath,debugImplementationDependenciesMetadata,debugRuntimeClasspath,debugUnitTestCompileClasspath,debugUnitTestRuntimeClasspath,implementationDependenciesMetadata,releaseCompileClasspath,releaseImplementationDependenciesMetadata,releaseRuntimeClasspath,releaseUnitTestCompileClasspath,releaseUnitTestRuntimeClasspath
androidx.lifecycle:lifecycle-viewmodel:2.1.0=debugAndroidTestCompileClasspath,debugCompileClasspath,debugImplementationDependenciesMetadata,debugRuntimeClasspath,debugUnitTestCompileClasspath,debugUnitTestRuntimeClasspath,implementationDependenciesMetadata,releaseCompileClasspath,releaseImplementationDependenciesMetadata,releaseRuntimeClasspath,releaseUnitTestCompileClasspath,releaseUnitTestRuntimeClasspath
androidx.loader:loader:1.0.0=debugAndroidTestCompileClasspath,debugCompileClasspath,debugImplementationDependenciesMetadata,debugRuntimeClasspath,debugUnitTestCompileClasspath,debugUnitTestRuntimeClasspath,implementationDependenciesMetadata,releaseCompileClasspath,releaseImplementationDependenciesMetadata,releaseRuntimeClasspath,releaseUnitTestCompileClasspath,releaseUnitTestRuntimeClasspath
androidx.localbroadcastmanager:localbroadcastmanager:1.0.0=debugAndroidTestCompileClasspath,debugCompileClasspath,debugImplementationDependenciesMetadata,debugRuntimeClasspath,debugUnitTestCompileClasspath,debugUnitTestRuntimeClasspath,implementationDependenciesMetadata,releaseCompileClasspath,releaseImplementationDependenciesMetadata,releaseRuntimeClasspath,releaseUnitTestCompileClasspath,releaseUnitTestRuntimeClasspath
androidx.print:print:1.0.0=debugAndroidTestCompileClasspath,debugCompileClasspath,debugImplementationDependenciesMetadata,debugRuntimeClasspath,debugUnitTestCompileClasspath,debugUnitTestRuntimeClasspath,implementationDependenciesMetadata,releaseCompileClasspath,releaseImplementationDependenciesMetadata,releaseRuntimeClasspath,releaseUnitTestCompileClasspath,releaseUnitTestRuntimeClasspath
androidx.recyclerview:recyclerview:1.0.0=debugAndroidTestCompileClasspath,debugCompileClasspath,debugImplementationDependenciesMetadata,debugRuntimeClasspath,debugUnitTestCompileClasspath,debugUnitTestRuntimeClasspath,implementationDependenciesMetadata,releaseCompileClasspath,releaseImplementationDependenciesMetadata,releaseRuntimeClasspath,releaseUnitTestCompileClasspath,releaseUnitTestRuntimeClasspath
androidx.savedstate:savedstate:1.0.0=debugAndroidTestCompileClasspath,debugCompileClasspath,debugImplementationDependenciesMetadata,debugRuntimeClasspath,debugUnitTestCompileClasspath,debugUnitTestRuntimeClasspath,implementationDependenciesMetadata,releaseCompileClasspath,releaseImplementationDependenciesMetadata,releaseRuntimeClasspath,releaseUnitTestCompileClasspath,releaseUnitTestRuntimeClasspath
androidx.slidingpanelayout:slidingpanelayout:1.0.0=debugAndroidTestCompileClasspath,debugCompileClasspath,debugImplementationDependenciesMetadata,debugRuntimeClasspath,debugUnitTestCompileClasspath,debugUnitTestRuntimeClasspath,implementationDependenciesMetadata,releaseCompileClasspath,releaseImplementationDependenciesMetadata,releaseRuntimeClasspath,releaseUnitTestCompileClasspath,releaseUnitTestRuntimeClasspath
androidx.swiperefreshlayout:swiperefreshlayout:1.0.0=debugAndroidTestCompileClasspath,debugCompileClasspath,debugImplementationDependenciesMetadata,debugRuntimeClasspath,debugUnitTestCompileClasspath,debugUnitTestRuntimeClasspath,implementationDependenciesMetadata,releaseCompileClasspath,releaseImplementationDependenciesMetadata,releaseRuntimeClasspath,releaseUnitTestCompileClasspath,releaseUnitTestRuntimeClasspath
androidx.test.espresso:espresso-core:3.2.0=androidTestImplementationDependenciesMetadata,debugAndroidTestCompileClasspath,debugAndroidTestImplementationDependenciesMetadata,debugAndroidTestRuntimeClasspath
androidx.test.espresso:espresso-idling-resource:3.2.0=androidTestImplementationDependenciesMetadata,debugAndroidTestCompileClasspath,debugAndroidTestImplementationDependenciesMetadata,debugAndroidTestRuntimeClasspath
androidx.test:monitor:1.2.0=androidTestImplementationDependenciesMetadata,debugAndroidTestCompileClasspath,debugAndroidTestImplementationDependenciesMetadata,debugAndroidTestRuntimeClasspath
androidx.test:rules:1.2.0=androidTestImplementationDependenciesMetadata,debugAndroidTestCompileClasspath,debugAndroidTestImplementationDependenciesMetadata,debugAndroidTestRuntimeClasspath
androidx.test:runner:1.2.0=androidTestImplementationDependenciesMetadata,debugAndroidTestCompileClasspath,debugAndroidTestImplementationDependenciesMetadata,debugAndroidTestRuntimeClasspath
androidx.tracing:tracing:1.0.0=debugAndroidTestCompileClasspath,debugCompileClasspath,debugImplementationDependenciesMetadata,debugRuntimeClasspath,debugUnitTestCompileClasspath,debugUnitTestRuntimeClasspath,implementationDependenciesMetadata,releaseCompileClasspath,releaseImplementationDependenciesMetadata,releaseRuntimeClasspath,releaseUnitTestCompileClasspath,releaseUnitTestRuntimeClasspath
androidx.transition:transition:1.0.0=debugAndroidTestCompileClasspath,debugCompileClasspath,debugImplementationDependenciesMetadata,debugRuntimeClasspath,debugUnitTestCompileClasspath,debugUnitTestRuntimeClasspath,implementationDependenciesMetadata,releaseCompileClasspath,releaseImplementationDependenciesMetadata,releaseRuntimeClasspath,releaseUnitTestCompileClasspath,releaseUnitTestRuntimeClasspath
androidx.vectordrawable:vectordrawable-animated:1.0.0=debugAndroidTestCompileClasspath,debugCompileClasspath,debugImplementationDependenciesMetadata,debugRuntimeClasspath,debugUnitTestCompileClasspath,debugUnitTestRuntimeClasspath,implementationDependenciesMetadata,releaseCompileClasspath,releaseImplementationDependenciesMetadata,releaseRuntimeClasspath,releaseUnitTestCompileClasspath,releaseUnitTestRuntimeClasspath
androidx.vectordrawable:vectordrawable:1.0.0=debugAndroidTestCompileClasspath,debugCompileClasspath,debugImplementationDependenciesMetadata,debugRuntimeClasspath,debugUnitTestCompileClasspath,debugUnitTestRuntimeClasspath,implementationDependenciesMetadata,releaseCompileClasspath,releaseImplementationDependenciesMetadata,releaseRuntimeClasspath,releaseUnitTestCompileClasspath,releaseUnitTestRuntimeClasspath
androidx.versionedparcelable:versionedparcelable:1.1.1=debugAndroidTestCompileClasspath,debugCompileClasspath,debugImplementationDependenciesMetadata,debugRuntimeClasspath,debugUnitTestCompileClasspath,debugUnitTestRuntimeClasspath,implementationDependenciesMetadata,releaseCompileClasspath,releaseImplementationDependenciesMetadata,releaseRuntimeClasspath,releaseUnitTestCompileClasspath,releaseUnitTestRuntimeClasspath
androidx.viewpager:viewpager:1.0.0=debugAndroidTestCompileClasspath,debugCompileClasspath,debugImplementationDependenciesMetadata,debugRuntimeClasspath,debugUnitTestCompileClasspath,debugUnitTestRuntimeClasspath,implementationDependenciesMetadata,releaseCompileClasspath,releaseImplementationDependenciesMetadata,releaseRuntimeClasspath,releaseUnitTestCompileClasspath,releaseUnitTestRuntimeClasspath
androidx.window:window-java:1.0.0-beta04=debugAndroidTestCompileClasspath,debugCompileClasspath,debugImplementationDependenciesMetadata,debugRuntimeClasspath,debugUnitTestCompileClasspath,debugUnitTestRuntimeClasspath,implementationDependenciesMetadata,releaseCompileClasspath,releaseImplementationDependenciesMetadata,releaseRuntimeClasspath,releaseUnitTestCompileClasspath,releaseUnitTestRuntimeClasspath
androidx.window:window:1.0.0-beta04=debugAndroidTestCompileClasspath,debugCompileClasspath,debugImplementationDependenciesMetadata,debugRuntimeClasspath,debugUnitTestCompileClasspath,debugUnitTestRuntimeClasspath,implementationDependenciesMetadata,releaseCompileClasspath,releaseImplementationDependenciesMetadata,releaseRuntimeClasspath,releaseUnitTestCompileClasspath,releaseUnitTestRuntimeClasspath
com.android.tools.analytics-library:protos:30.0.0=lintClassPath
com.android.tools.analytics-library:shared:30.0.0=lintClassPath
com.android.tools.analytics-library:tracker:30.0.0=lintClassPath
com.android.tools.build:aapt2-proto:4.1.0-alpha01-6193524=lintClassPath
com.android.tools.build:apksig:7.0.0=lintClassPath
com.android.tools.build:apkzlib:7.0.0=lintClassPath
com.android.tools.build:builder-model:7.0.0=lintClassPath
com.android.tools.build:builder-test-api:7.0.0=lintClassPath
com.android.tools.build:builder:7.0.0=lintClassPath
com.android.tools.build:manifest-merger:30.0.0=lintClassPath
com.android.tools.ddms:ddmlib:30.0.0=lintClassPath
com.android.tools.external.com-intellij:intellij-core:30.0.0=lintClassPath
com.android.tools.external.com-intellij:kotlin-compiler:30.0.0=lintClassPath
com.android.tools.external.org-jetbrains:uast:30.0.0=lintClassPath
com.android.tools.layoutlib:layoutlib-api:30.0.0=lintClassPath
com.android.tools.lint:lint-api:30.0.0=lintClassPath
com.android.tools.lint:lint-checks:30.0.0=lintClassPath
com.android.tools.lint:lint-gradle:30.0.0=lintClassPath
com.android.tools.lint:lint-model:30.0.0=lintClassPath
com.android.tools.lint:lint:30.0.0=lintClassPath
com.android.tools:annotations:30.0.0=lintClassPath
com.android.tools:common:30.0.0=lintClassPath
com.android.tools:dvlib:30.0.0=lintClassPath
com.android.tools:repository:30.0.0=lintClassPath
com.android.tools:sdk-common:30.0.0=lintClassPath
com.android.tools:sdklib:30.0.0=lintClassPath
com.android:signflinger:7.0.0=lintClassPath
com.android:zipflinger:7.0.0=lintClassPath
com.beust:jcommander:1.78=lintClassPath
com.github.javaparser:javaparser-core:3.17.0=lintClassPath
com.google.android.material:material:1.0.0=debugAndroidTestCompileClasspath,debugCompileClasspath,debugImplementationDependenciesMetadata,debugRuntimeClasspath,debugUnitTestCompileClasspath,debugUnitTestRuntimeClasspath,implementationDependenciesMetadata,releaseCompileClasspath,releaseImplementationDependenciesMetadata,releaseRuntimeClasspath,releaseUnitTestCompileClasspath,releaseUnitTestRuntimeClasspath
com.google.code.findbugs:jsr305:3.0.2=androidTestImplementationDependenciesMetadata,debugAndroidTestCompileClasspath,debugAndroidTestImplementationDependenciesMetadata,debugAndroidTestRuntimeClasspath,lintClassPath
com.google.code.gson:gson:2.8.6=lintClassPath
com.google.errorprone:error_prone_annotations:2.3.4=androidTestImplementationDependenciesMetadata,debugAndroidTestCompileClasspath,debugAndroidTestImplementationDependenciesMetadata,debugAndroidTestRuntimeClasspath,lintClassPath
com.google.guava:failureaccess:1.0.1=androidTestImplementationDependenciesMetadata,debugAndroidTestCompileClasspath,debugAndroidTestImplementationDependenciesMetadata,debugAndroidTestRuntimeClasspath,lintClassPath
com.google.guava:guava:30.1-android=androidTestImplementationDependenciesMetadata,debugAndroidTestCompileClasspath,debugAndroidTestImplementationDependenciesMetadata,debugAndroidTestRuntimeClasspath
com.google.guava:guava:30.1-jre=lintClassPath
com.google.guava:listenablefuture:9999.0-empty-to-avoid-conflict-with-guava=androidTestImplementationDependenciesMetadata,debugAndroidTestCompileClasspath,debugAndroidTestImplementationDependenciesMetadata,debugAndroidTestRuntimeClasspath,lintClassPath
com.google.j2objc:j2objc-annotations:1.3=androidTestImplementationDependenciesMetadata,debugAndroidTestCompileClasspath,debugAndroidTestImplementationDependenciesMetadata,debugAndroidTestRuntimeClasspath,lintClassPath
com.google.jimfs:jimfs:1.1=lintClassPath
com.google.protobuf:protobuf-java:3.10.0=lintClassPath
com.googlecode.json-simple:json-simple:1.1=lintClassPath
com.squareup.curtains:curtains:1.0.1=androidTestImplementationDependenciesMetadata,debugAndroidTestCompileClasspath,debugAndroidTestImplementationDependenciesMetadata,debugAndroidTestRuntimeClasspath
com.squareup.leakcanary:leakcanary-android-core:2.7=androidTestImplementationDependenciesMetadata,debugAndroidTestCompileClasspath,debugAndroidTestImplementationDependenciesMetadata,debugAndroidTestRuntimeClasspath
com.squareup.leakcanary:leakcanary-android-instrumentation:2.7=androidTestImplementationDependenciesMetadata,debugAndroidTestCompileClasspath,debugAndroidTestImplementationDependenciesMetadata,debugAndroidTestRuntimeClasspath
com.squareup.leakcanary:leakcanary-android-utils:2.7=androidTestImplementationDependenciesMetadata,debugAndroidTestCompileClasspath,debugAndroidTestImplementationDependenciesMetadata,debugAndroidTestRuntimeClasspath
com.squareup.leakcanary:leakcanary-android:2.7=androidTestImplementationDependenciesMetadata,debugAndroidTestCompileClasspath,debugAndroidTestImplementationDependenciesMetadata,debugAndroidTestRuntimeClasspath
com.squareup.leakcanary:leakcanary-object-watcher-android-androidx:2.7=androidTestImplementationDependenciesMetadata,debugAndroidTestCompileClasspath,debugAndroidTestImplementationDependenciesMetadata,debugAndroidTestRuntimeClasspath
com.squareup.leakcanary:leakcanary-object-watcher-android-support-fragments:2.7=androidTestImplementationDependenciesMetadata,debugAndroidTestCompileClasspath,debugAndroidTestImplementationDependenciesMetadata,debugAndroidTestRuntimeClasspath
com.squareup.leakcanary:leakcanary-object-watcher-android:2.7=androidTestImplementationDependenciesMetadata,debugAndroidTestCompileClasspath,debugAndroidTestImplementationDependenciesMetadata,debugAndroidTestRuntimeClasspath
com.squareup.leakcanary:leakcanary-object-watcher:2.7=androidTestImplementationDependenciesMetadata,debugAndroidTestCompileClasspath,debugAndroidTestImplementationDependenciesMetadata,debugAndroidTestRuntimeClasspath
com.squareup.leakcanary:plumber-android:2.7=androidTestImplementationDependenciesMetadata,debugAndroidTestCompileClasspath,debugAndroidTestImplementationDependenciesMetadata,debugAndroidTestRuntimeClasspath
com.squareup.leakcanary:shark-android:2.7=androidTestImplementationDependenciesMetadata,debugAndroidTestCompileClasspath,debugAndroidTestImplementationDependenciesMetadata,debugAndroidTestRuntimeClasspath
com.squareup.leakcanary:shark-graph:2.7=androidTestImplementationDependenciesMetadata,debugAndroidTestCompileClasspath,debugAndroidTestImplementationDependenciesMetadata,debugAndroidTestRuntimeClasspath
com.squareup.leakcanary:shark-hprof:2.7=androidTestImplementationDependenciesMetadata,debugAndroidTestCompileClasspath,debugAndroidTestImplementationDependenciesMetadata,debugAndroidTestRuntimeClasspath
com.squareup.leakcanary:shark-log:2.7=androidTestImplementationDependenciesMetadata,debugAndroidTestCompileClasspath,debugAndroidTestImplementationDependenciesMetadata,debugAndroidTestRuntimeClasspath
com.squareup.leakcanary:shark:2.7=androidTestImplementationDependenciesMetadata,debugAndroidTestCompileClasspath,debugAndroidTestImplementationDependenciesMetadata,debugAndroidTestRuntimeClasspath
com.squareup.okio:okio:2.2.2=debugAndroidTestRuntimeClasspath
com.squareup:javawriter:2.1.1=androidTestImplementationDependenciesMetadata,debugAndroidTestCompileClasspath,debugAndroidTestImplementationDependenciesMetadata,debugAndroidTestRuntimeClasspath
com.squareup:javawriter:2.5.0=lintClassPath
com.sun.activation:javax.activation:1.2.0=lintClassPath
com.sun.istack:istack-commons-runtime:3.0.8=lintClassPath
com.sun.xml.fastinfoset:FastInfoset:1.2.16=lintClassPath
com.thoughtworks.qdox:qdox:1.12.1=lintClassPath
commons-codec:commons-codec:1.10=lintClassPath
commons-io:commons-io:2.4=lintClassPath
commons-logging:commons-logging:1.2=lintClassPath
info.picocli:picocli:4.5.2=lintClassPath
it.unimi.dsi:fastutil:8.4.0=lintClassPath
jakarta.activation:jakarta.activation-api:1.2.1=lintClassPath
jakarta.xml.bind:jakarta.xml.bind-api:2.3.2=lintClassPath
javax.inject:javax.inject:1=androidTestImplementationDependenciesMetadata,debugAndroidTestCompileClasspath,debugAndroidTestImplementationDependenciesMetadata,debugAndroidTestRuntimeClasspath,lintClassPath
jline:jline:2.14.6=lintClassPath
junit:junit:4.12=androidTestImplementationDependenciesMetadata,debugAndroidTestCompileClasspath,debugAndroidTestImplementationDependenciesMetadata,debugAndroidTestRuntimeClasspath
junit:junit:4.13.1=lintClassPath
net.java.dev.jna:jna-platform:5.6.0=lintClassPath
net.java.dev.jna:jna:5.6.0=lintClassPath
net.sf.jopt-simple:jopt-simple:4.9=lintClassPath
net.sf.kxml:kxml2:2.3.0=androidTestImplementationDependenciesMetadata,debugAndroidTestCompileClasspath,debugAndroidTestImplementationDependenciesMetadata,debugAndroidTestRuntimeClasspath,lintClassPath
org.apache.ant:ant-antlr:1.10.9=lintClassPath
org.apache.ant:ant-junit:1.10.9=lintClassPath
org.apache.ant:ant-launcher:1.10.9=lintClassPath
org.apache.ant:ant:1.10.9=lintClassPath
org.apache.commons:commons-compress:1.20=lintClassPath
org.apache.httpcomponents:httpclient:4.5.6=lintClassPath
org.apache.httpcomponents:httpcore:4.4.10=lintClassPath
org.apache.httpcomponents:httpmime:4.5.6=lintClassPath
org.bouncycastle:bcpkix-jdk15on:1.56=lintClassPath
org.bouncycastle:bcprov-jdk15on:1.56=lintClassPath
org.checkerframework:checker-compat-qual:2.5.5=androidTestImplementationDependenciesMetadata,debugAndroidTestCompileClasspath,debugAndroidTestImplementationDependenciesMetadata,debugAndroidTestRuntimeClasspath
org.checkerframework:checker-qual:3.5.0=lintClassPath
org.codehaus.groovy:groovy-all:3.0.7=lintClassPath
org.codehaus.groovy:groovy-ant:3.0.7=lintClassPath
org.codehaus.groovy:groovy-astbuilder:3.0.7=lintClassPath
org.codehaus.groovy:groovy-cli-picocli:3.0.7=lintClassPath
org.codehaus.groovy:groovy-console:3.0.7=lintClassPath
org.codehaus.groovy:groovy-datetime:3.0.7=lintClassPath
org.codehaus.groovy:groovy-docgenerator:3.0.7=lintClassPath
org.codehaus.groovy:groovy-groovydoc:3.0.7=lintClassPath
org.codehaus.groovy:groovy-groovysh:3.0.7=lintClassPath
org.codehaus.groovy:groovy-jmx:3.0.7=lintClassPath
org.codehaus.groovy:groovy-json:3.0.7=lintClassPath
org.codehaus.groovy:groovy-jsr223:3.0.7=lintClassPath
org.codehaus.groovy:groovy-macro:3.0.7=lintClassPath
org.codehaus.groovy:groovy-nio:3.0.7=lintClassPath
org.codehaus.groovy:groovy-servlet:3.0.7=lintClassPath
org.codehaus.groovy:groovy-sql:3.0.7=lintClassPath
org.codehaus.groovy:groovy-swing:3.0.7=lintClassPath
org.codehaus.groovy:groovy-templates:3.0.7=lintClassPath
org.codehaus.groovy:groovy-test-junit5:3.0.7=lintClassPath
org.codehaus.groovy:groovy-test:3.0.7=lintClassPath
org.codehaus.groovy:groovy-testng:3.0.7=lintClassPath
org.codehaus.groovy:groovy-xml:3.0.7=lintClassPath
org.codehaus.groovy:groovy:3.0.7=lintClassPath
org.glassfish.jaxb:jaxb-runtime:2.3.2=lintClassPath
org.glassfish.jaxb:txw2:2.3.2=lintClassPath
org.hamcrest:hamcrest-core:1.3=androidTestImplementationDependenciesMetadata,debugAndroidTestCompileClasspath,debugAndroidTestImplementationDependenciesMetadata,debugAndroidTestRuntimeClasspath,lintClassPath
org.hamcrest:hamcrest-integration:1.3=androidTestImplementationDependenciesMetadata,debugAndroidTestCompileClasspath,debugAndroidTestImplementationDependenciesMetadata,debugAndroidTestRuntimeClasspath
org.hamcrest:hamcrest-library:1.3=androidTestImplementationDependenciesMetadata,debugAndroidTestCompileClasspath,debugAndroidTestImplementationDependenciesMetadata,debugAndroidTestRuntimeClasspath
org.jacoco:org.jacoco.agent:0.8.3=androidJacocoAnt
org.jacoco:org.jacoco.ant:0.8.3=androidJacocoAnt
org.jacoco:org.jacoco.core:0.8.3=androidJacocoAnt
org.jacoco:org.jacoco.report:0.8.3=androidJacocoAnt
org.jetbrains.intellij.deps:trove4j:1.0.20181211=kotlinCompilerClasspath,kotlinKlibCommonizerClasspath,lintClassPath
org.jetbrains.kotlin:kotlin-compiler-embeddable:1.5.30=kotlinCompilerClasspath,kotlinKlibCommonizerClasspath
org.jetbrains.kotlin:kotlin-daemon-embeddable:1.5.30=kotlinCompilerClasspath,kotlinKlibCommonizerClasspath
org.jetbrains.kotlin:kotlin-klib-commonizer-embeddable:1.5.30=kotlinKlibCommonizerClasspath
org.jetbrains.kotlin:kotlin-reflect:1.4.32=lintClassPath
org.jetbrains.kotlin:kotlin-reflect:1.5.30=kotlinCompilerClasspath,kotlinKlibCommonizerClasspath
org.jetbrains.kotlin:kotlin-script-runtime:1.5.30=kotlinCompilerClasspath,kotlinKlibCommonizerClasspath
org.jetbrains.kotlin:kotlin-stdlib-common:1.4.21=androidTestImplementationDependenciesMetadata,debugAndroidTestImplementationDependenciesMetadata
org.jetbrains.kotlin:kotlin-stdlib-common:1.4.32=lintClassPath
org.jetbrains.kotlin:kotlin-stdlib-common:1.5.30=apiDependenciesMetadata,debugApiDependenciesMetadata,kotlinCompilerClasspath,kotlinKlibCommonizerClasspath,releaseApiDependenciesMetadata
org.jetbrains.kotlin:kotlin-stdlib-common:1.5.31=debugAndroidTestCompileClasspath,debugAndroidTestRuntimeClasspath,debugCompileClasspath,debugImplementationDependenciesMetadata,debugRuntimeClasspath,debugUnitTestCompileClasspath,debugUnitTestRuntimeClasspath,implementationDependenciesMetadata,releaseCompileClasspath,releaseImplementationDependenciesMetadata,releaseRuntimeClasspath,releaseUnitTestCompileClasspath,releaseUnitTestRuntimeClasspath
org.jetbrains.kotlin:kotlin-stdlib-jdk7:1.4.32=lintClassPath
org.jetbrains.kotlin:kotlin-stdlib-jdk7:1.5.30=apiDependenciesMetadata,debugAndroidTestCompileClasspath,debugApiDependenciesMetadata,debugCompileClasspath,debugImplementationDependenciesMetadata,debugRuntimeClasspath,debugUnitTestCompileClasspath,debugUnitTestRuntimeClasspath,implementationDependenciesMetadata,releaseApiDependenciesMetadata,releaseCompileClasspath,releaseImplementationDependenciesMetadata,releaseRuntimeClasspath,releaseUnitTestCompileClasspath,releaseUnitTestRuntimeClasspath
org.jetbrains.kotlin:kotlin-stdlib-jdk8:1.4.32=lintClassPath
org.jetbrains.kotlin:kotlin-stdlib-jdk8:1.5.30=apiDependenciesMetadata,debugAndroidTestCompileClasspath,debugApiDependenciesMetadata,debugCompileClasspath,debugImplementationDependenciesMetadata,debugRuntimeClasspath,debugUnitTestCompileClasspath,debugUnitTestRuntimeClasspath,implementationDependenciesMetadata,releaseApiDependenciesMetadata,releaseCompileClasspath,releaseImplementationDependenciesMetadata,releaseRuntimeClasspath,releaseUnitTestCompileClasspath,releaseUnitTestRuntimeClasspath
org.jetbrains.kotlin:kotlin-stdlib:1.4.21=androidTestImplementationDependenciesMetadata,debugAndroidTestImplementationDependenciesMetadata
org.jetbrains.kotlin:kotlin-stdlib:1.4.32=lintClassPath
org.jetbrains.kotlin:kotlin-stdlib:1.5.30=apiDependenciesMetadata,debugApiDependenciesMetadata,kotlinCompilerClasspath,kotlinKlibCommonizerClasspath,releaseApiDependenciesMetadata
org.jetbrains.kotlin:kotlin-stdlib:1.5.31=debugAndroidTestCompileClasspath,debugAndroidTestRuntimeClasspath,debugCompileClasspath,debugImplementationDependenciesMetadata,debugRuntimeClasspath,debugUnitTestCompileClasspath,debugUnitTestRuntimeClasspath,implementationDependenciesMetadata,releaseCompileClasspath,releaseImplementationDependenciesMetadata,releaseRuntimeClasspath,releaseUnitTestCompileClasspath,releaseUnitTestRuntimeClasspath
org.jetbrains.kotlinx:kotlinx-coroutines-android:1.5.2=debugAndroidTestCompileClasspath,debugCompileClasspath,debugImplementationDependenciesMetadata,debugRuntimeClasspath,debugUnitTestCompileClasspath,debugUnitTestRuntimeClasspath,implementationDependenciesMetadata,releaseCompileClasspath,releaseImplementationDependenciesMetadata,releaseRuntimeClasspath,releaseUnitTestCompileClasspath,releaseUnitTestRuntimeClasspath
org.jetbrains.kotlinx:kotlinx-coroutines-core-jvm:1.5.2=debugAndroidTestCompileClasspath,debugCompileClasspath,debugRuntimeClasspath,debugUnitTestCompileClasspath,debugUnitTestRuntimeClasspath,releaseCompileClasspath,releaseRuntimeClasspath,releaseUnitTestCompileClasspath,releaseUnitTestRuntimeClasspath
org.jetbrains.kotlinx:kotlinx-coroutines-core:1.5.2=debugAndroidTestCompileClasspath,debugCompileClasspath,debugImplementationDependenciesMetadata,debugRuntimeClasspath,debugUnitTestCompileClasspath,debugUnitTestRuntimeClasspath,implementationDependenciesMetadata,releaseCompileClasspath,releaseImplementationDependenciesMetadata,releaseRuntimeClasspath,releaseUnitTestCompileClasspath,releaseUnitTestRuntimeClasspath
org.jetbrains:annotations:13.0=androidTestImplementationDependenciesMetadata,apiDependenciesMetadata,debugAndroidTestCompileClasspath,debugAndroidTestImplementationDependenciesMetadata,debugAndroidTestRuntimeClasspath,debugApiDependenciesMetadata,debugCompileClasspath,debugImplementationDependenciesMetadata,debugRuntimeClasspath,debugUnitTestCompileClasspath,debugUnitTestRuntimeClasspath,implementationDependenciesMetadata,kotlinCompilerClasspath,kotlinKlibCommonizerClasspath,lintClassPath,releaseApiDependenciesMetadata,releaseCompileClasspath,releaseImplementationDependenciesMetadata,releaseRuntimeClasspath,releaseUnitTestCompileClasspath,releaseUnitTestRuntimeClasspath
org.junit.jupiter:junit-jupiter-api:5.7.0=lintClassPath
org.junit.jupiter:junit-jupiter-engine:5.7.0=lintClassPath
org.junit.platform:junit-platform-commons:1.7.0=lintClassPath
org.junit.platform:junit-platform-engine:1.7.0=lintClassPath
org.junit.platform:junit-platform-launcher:1.7.0=lintClassPath
org.junit:junit-bom:5.7.0=lintClassPath
org.jvnet.staxex:stax-ex:1.8.1=lintClassPath
org.opentest4j:opentest4j:1.2.0=lintClassPath
org.ow2.asm:asm-analysis:7.0=androidJacocoAnt,lintClassPath
org.ow2.asm:asm-commons:7.0=androidJacocoAnt,lintClassPath
org.ow2.asm:asm-tree:7.0=androidJacocoAnt,lintClassPath
org.ow2.asm:asm-util:7.0=lintClassPath
org.ow2.asm:asm:7.0=androidJacocoAnt,lintClassPath
org.testng:testng:7.3.0=lintClassPath
xerces:xercesImpl:2.12.0=lintClassPath
xml-apis:xml-apis:1.4.01=lintClassPath
empty=androidApis,androidJdkImage,androidTestApiDependenciesMetadata,androidTestCompileOnlyDependenciesMetadata,androidTestDebugApiDependenciesMetadata,androidTestDebugCompileOnlyDependenciesMetadata,androidTestDebugImplementationDependenciesMetadata,androidTestDebugIntransitiveDependenciesMetadata,androidTestDebugRuntimeOnlyDependenciesMetadata,androidTestIntransitiveDependenciesMetadata,androidTestReleaseApiDependenciesMetadata,androidTestReleaseCompileOnlyDependenciesMetadata,androidTestReleaseImplementationDependenciesMetadata,androidTestReleaseIntransitiveDependenciesMetadata,androidTestReleaseRuntimeOnlyDependenciesMetadata,androidTestRuntimeOnlyDependenciesMetadata,androidTestUtil,compileOnlyDependenciesMetadata,coreLibraryDesugaring,debugAndroidTestAnnotationProcessorClasspath,debugAndroidTestApiDependenciesMetadata,debugAndroidTestCompileOnlyDependenciesMetadata,debugAndroidTestIntransitiveDependenciesMetadata,debugAndroidTestRuntimeOnlyDependenciesMetadata,debugAnnotationProcessorClasspath,debugCompileOnly,debugCompileOnlyDependenciesMetadata,debugIntransitiveDependenciesMetadata,debugReverseMetadataValues,debugRuntimeOnlyDependenciesMetadata,debugUnitTestAnnotationProcessorClasspath,debugUnitTestApiDependenciesMetadata,debugUnitTestCompileOnlyDependenciesMetadata,debugUnitTestImplementationDependenciesMetadata,debugUnitTestIntransitiveDependenciesMetadata,debugUnitTestRuntimeOnlyDependenciesMetadata,debugWearBundling,intransitiveDependenciesMetadata,kotlinCompilerPluginClasspath,kotlinCompilerPluginClasspathDebug,kotlinCompilerPluginClasspathDebugAndroidTest,kotlinCompilerPluginClasspathDebugUnitTest,kotlinCompilerPluginClasspathRelease,kotlinCompilerPluginClasspathReleaseUnitTest,kotlinNativeCompilerPluginClasspath,lintChecks,lintPublish,releaseAnnotationProcessorClasspath,releaseCompileOnly,releaseCompileOnlyDependenciesMetadata,releaseIntransitiveDependenciesMetadata,releaseReverseMetadataValues,releaseRuntimeOnlyDependenciesMetadata,releaseUnitTestAnnotationProcessorClasspath,releaseUnitTestApiDependenciesMetadata,releaseUnitTestCompileOnlyDependenciesMetadata,releaseUnitTestImplementationDependenciesMetadata,releaseUnitTestIntransitiveDependenciesMetadata,releaseUnitTestRuntimeOnlyDependenciesMetadata,releaseWearBundling,runtimeOnlyDependenciesMetadata,testApiDependenciesMetadata,testCompileOnlyDependenciesMetadata,testDebugApiDependenciesMetadata,testDebugCompileOnlyDependenciesMetadata,testDebugImplementationDependenciesMetadata,testDebugIntransitiveDependenciesMetadata,testDebugRuntimeOnlyDependenciesMetadata,testImplementationDependenciesMetadata,testIntransitiveDependenciesMetadata,testReleaseApiDependenciesMetadata,testReleaseCompileOnlyDependenciesMetadata,testReleaseImplementationDependenciesMetadata,testReleaseIntransitiveDependenciesMetadata,testReleaseRuntimeOnlyDependenciesMetadata,testRuntimeOnlyDependenciesMetadata
