PODS:
  - connectivity (0.0.1):
    - Flutter
    - Reachability
  - device_info (0.0.1):
    - Flutter
  - Flutter (1.0.0)
  - Reachability (3.2)
  - url_launcher (0.0.1):
    - Flutter
  - video_player (0.0.1):
    - Flutter

DEPENDENCIES:
  - connectivity (from `/Users/xster/.pub-cache/hosted/pub.dartlang.org/connectivity-0.3.2/ios`)
  - device_info (from `/Users/xster/.pub-cache/hosted/pub.dartlang.org/device_info-0.3.0/ios`)
  - Flutter (from `/Users/xster/development/flutter/bin/cache/artifacts/engine/ios`)
  - url_launcher (from `/Users/xster/.pub-cache/hosted/pub.dartlang.org/url_launcher-4.0.3/ios`)
  - video_player (from `/Users/xster/.pub-cache/hosted/pub.dartlang.org/video_player-0.8.0/ios`)

SPEC REPOS:
  https://github.com/cocoapods/specs.git:
    - Reachability

EXTERNAL SOURCES:
  connectivity:
    :path: "/Users/xster/.pub-cache/hosted/pub.dartlang.org/connectivity-0.3.2/ios"
  device_info:
    :path: "/Users/xster/.pub-cache/hosted/pub.dartlang.org/device_info-0.3.0/ios"
  Flutter:
    :path: "/Users/xster/development/flutter/bin/cache/artifacts/engine/ios"
  url_launcher:
    :path: "/Users/xster/.pub-cache/hosted/pub.dartlang.org/url_launcher-4.0.3/ios"
  video_player:
    :path: "/Users/xster/.pub-cache/hosted/pub.dartlang.org/video_player-0.8.0/ios"

SPEC CHECKSUMS:
  connectivity: d5992e3758d68b1c4b12d6e012fe0813f1aa1645
  device_info: 76ce0b32e13034d1883be4a382433648f9dcee63
  Flutter: 9d0fac939486c9aba2809b7982dfdbb47a7b0296
  Reachability: 33e18b67625424e47b6cde6d202dce689ad7af96
  url_launcher: 92b89c1029a0373879933c21642958c874539095
  video_player: 906796a841943c8d370ac7c13b18039aa9b56498

PODFILE CHECKSUM: 8b2e6c0593ad4bc7968ec50a2bda326e80631785

COCOAPODS: 1.5.3
