chrome:
  # It seems Chrome can't always release from the same build for all operating
  # systems, so we specify per-OS build number.
  # Note: 741412 binary is for Chrome Version 82. Driver for Chrome version 83
  # is not working with chrome.binary option.
  Linux: 741412
  Mac: 735194
  Win: 735105
firefox:
  version: '72.0'
edge:
  launcher_version: '1.2.0.0'
ios-safari:
  majorVersion: 13
  minorVersion: 0
  device: 'iPhone 11'
## geckodriver is used for testing Firefox Browser. It works with multiple
## Firefox Browser versions.
## See: https://github.com/mozilla/geckodriver/releases
geckodriver: 'v0.26.0'
