// !$*UTF8*$!
{
	archiveVersion = 1;
	classes = {
	};
	objectVersion = 46;
	objects = {

/* Begin PBXBuildFile section */
		033B94BE269C40A200B4DF97 /* CameraMethodChannelTests.m in Sources */ = {isa = PBXBuildFile; fileRef = 033B94BD269C40A200B4DF97 /* CameraMethodChannelTests.m */; };
		03BB766B2665316900CE5A93 /* CameraFocusTests.m in Sources */ = {isa = PBXBuildFile; fileRef = 03BB766A2665316900CE5A93 /* CameraFocusTests.m */; };
		03F6F8B226CBB4670024B8D3 /* ThreadSafeFlutterResultTests.m in Sources */ = {isa = PBXBuildFile; fileRef = 03F6F8B126CBB4670024B8D3 /* ThreadSafeFlutterResultTests.m */; };
		1498D2341E8E89220040F4C2 /* GeneratedPluginRegistrant.m in Sources */ = {isa = PBXBuildFile; fileRef = 1498D2331E8E89220040F4C2 /* GeneratedPluginRegistrant.m */; };
		236906D1621AE863A5B2E770 /* libPods-Runner.a in Frameworks */ = {isa = PBXBuildFile; fileRef = 89D82918721FABF772705DB0 /* libPods-Runner.a */; };
		25C3919135C3D981E6F800D0 /* libPods-RunnerTests.a in Frameworks */ = {isa = PBXBuildFile; fileRef = 1944D8072499F3B5E7653D44 /* libPods-RunnerTests.a */; };
		334733EA2668111C00DCC49E /* CameraOrientationTests.m in Sources */ = {isa = PBXBuildFile; fileRef = 03BB767226653ABE00CE5A93 /* CameraOrientationTests.m */; };
		3B3967161E833CAA004F5970 /* AppFrameworkInfo.plist in Resources */ = {isa = PBXBuildFile; fileRef = 3B3967151E833CAA004F5970 /* AppFrameworkInfo.plist */; };
		43ED1537282570DE00EB00DE /* AvailableCamerasTest.m in Sources */ = {isa = PBXBuildFile; fileRef = 43ED1536282570DE00EB00DE /* AvailableCamerasTest.m */; };
		788A065A27B0E02900533D74 /* StreamingTest.m in Sources */ = {isa = PBXBuildFile; fileRef = 788A065927B0E02900533D74 /* StreamingTest.m */; };
		978B8F6F1D3862AE00F588F7 /* AppDelegate.m in Sources */ = {isa = PBXBuildFile; fileRef = 7AFFD8EE1D35381100E5BB4D /* AppDelegate.m */; };
		97C146F31CF9000F007C117D /* main.m in Sources */ = {isa = PBXBuildFile; fileRef = 97C146F21CF9000F007C117D /* main.m */; };
		97C146FC1CF9000F007C117D /* Main.storyboard in Resources */ = {isa = PBXBuildFile; fileRef = 97C146FA1CF9000F007C117D /* Main.storyboard */; };
		97C146FE1CF9000F007C117D /* Assets.xcassets in Resources */ = {isa = PBXBuildFile; fileRef = 97C146FD1CF9000F007C117D /* Assets.xcassets */; };
		97C147011CF9000F007C117D /* LaunchScreen.storyboard in Resources */ = {isa = PBXBuildFile; fileRef = 97C146FF1CF9000F007C117D /* LaunchScreen.storyboard */; };
		E01EE4A82799F3A5008C1950 /* QueueUtilsTests.m in Sources */ = {isa = PBXBuildFile; fileRef = E01EE4A72799F3A5008C1950 /* QueueUtilsTests.m */; };
		E032F250279F5E94009E9028 /* CameraCaptureSessionQueueRaceConditionTests.m in Sources */ = {isa = PBXBuildFile; fileRef = E032F24F279F5E94009E9028 /* CameraCaptureSessionQueueRaceConditionTests.m */; };
		E04F108627A87CA600573D0C /* FLTSavePhotoDelegateTests.m in Sources */ = {isa = PBXBuildFile; fileRef = E04F108527A87CA600573D0C /* FLTSavePhotoDelegateTests.m */; };
		E071CF7227B3061B006EF3BA /* FLTCamPhotoCaptureTests.m in Sources */ = {isa = PBXBuildFile; fileRef = E071CF7127B3061B006EF3BA /* FLTCamPhotoCaptureTests.m */; };
		E071CF7427B31DE4006EF3BA /* FLTCamSampleBufferTests.m in Sources */ = {isa = PBXBuildFile; fileRef = E071CF7327B31DE4006EF3BA /* FLTCamSampleBufferTests.m */; };
		E0B0D2BB27DFF2AF00E71E4B /* CameraPermissionTests.m in Sources */ = {isa = PBXBuildFile; fileRef = E0B0D2BA27DFF2AF00E71E4B /* CameraPermissionTests.m */; };
		E0C6E2002770F01A00EA6AA3 /* ThreadSafeMethodChannelTests.m in Sources */ = {isa = PBXBuildFile; fileRef = E0C6E1FD2770F01A00EA6AA3 /* ThreadSafeMethodChannelTests.m */; };
		E0C6E2012770F01A00EA6AA3 /* ThreadSafeTextureRegistryTests.m in Sources */ = {isa = PBXBuildFile; fileRef = E0C6E1FE2770F01A00EA6AA3 /* ThreadSafeTextureRegistryTests.m */; };
		E0C6E2022770F01A00EA6AA3 /* ThreadSafeEventChannelTests.m in Sources */ = {isa = PBXBuildFile; fileRef = E0C6E1FF2770F01A00EA6AA3 /* ThreadSafeEventChannelTests.m */; };
		E0CDBAC227CD9729002561D9 /* CameraTestUtils.m in Sources */ = {isa = PBXBuildFile; fileRef = E0CDBAC127CD9729002561D9 /* CameraTestUtils.m */; };
		E0F95E3D27A32AB900699390 /* CameraPropertiesTests.m in Sources */ = {isa = PBXBuildFile; fileRef = E0F95E3C27A32AB900699390 /* CameraPropertiesTests.m */; };
		E487C86026D686A10034AC92 /* CameraPreviewPauseTests.m in Sources */ = {isa = PBXBuildFile; fileRef = E487C85F26D686A10034AC92 /* CameraPreviewPauseTests.m */; };
		F6EE622F2710A6FC00905E4A /* MockFLTThreadSafeFlutterResult.m in Sources */ = {isa = PBXBuildFile; fileRef = F6EE622E2710A6FC00905E4A /* MockFLTThreadSafeFlutterResult.m */; };
/* End PBXBuildFile section */

/* Begin PBXContainerItemProxy section */
		03BB766D2665316900CE5A93 /* PBXContainerItemProxy */ = {
			isa = PBXContainerItemProxy;
			containerPortal = 97C146E61CF9000F007C117D /* Project object */;
			proxyType = 1;
			remoteGlobalIDString = 97C146ED1CF9000F007C117D;
			remoteInfo = Runner;
		};
/* End PBXContainerItemProxy section */

/* Begin PBXCopyFilesBuildPhase section */
		9705A1C41CF9048500538489 /* Embed Frameworks */ = {
			isa = PBXCopyFilesBuildPhase;
			buildActionMask = 2147483647;
			dstPath = "";
			dstSubfolderSpec = 10;
			files = (
			);
			name = "Embed Frameworks";
			runOnlyForDeploymentPostprocessing = 0;
		};
/* End PBXCopyFilesBuildPhase section */

/* Begin PBXFileReference section */
		033B94BD269C40A200B4DF97 /* CameraMethodChannelTests.m */ = {isa = PBXFileReference; lastKnownFileType = sourcecode.c.objc; path = CameraMethodChannelTests.m; sourceTree = "<group>"; };
		03BB76682665316900CE5A93 /* RunnerTests.xctest */ = {isa = PBXFileReference; explicitFileType = wrapper.cfbundle; includeInIndex = 0; path = RunnerTests.xctest; sourceTree = BUILT_PRODUCTS_DIR; };
		03BB766A2665316900CE5A93 /* CameraFocusTests.m */ = {isa = PBXFileReference; lastKnownFileType = sourcecode.c.objc; path = CameraFocusTests.m; sourceTree = "<group>"; };
		03BB766C2665316900CE5A93 /* Info.plist */ = {isa = PBXFileReference; lastKnownFileType = text.plist.xml; path = Info.plist; sourceTree = "<group>"; };
		03BB767226653ABE00CE5A93 /* CameraOrientationTests.m */ = {isa = PBXFileReference; fileEncoding = 4; lastKnownFileType = sourcecode.c.objc; path = CameraOrientationTests.m; sourceTree = "<group>"; };
		03F6F8B126CBB4670024B8D3 /* ThreadSafeFlutterResultTests.m */ = {isa = PBXFileReference; lastKnownFileType = sourcecode.c.objc; path = ThreadSafeFlutterResultTests.m; sourceTree = "<group>"; };
		1498D2321E8E86230040F4C2 /* GeneratedPluginRegistrant.h */ = {isa = PBXFileReference; lastKnownFileType = sourcecode.c.h; path = GeneratedPluginRegistrant.h; sourceTree = "<group>"; };
		1498D2331E8E89220040F4C2 /* GeneratedPluginRegistrant.m */ = {isa = PBXFileReference; fileEncoding = 4; lastKnownFileType = sourcecode.c.objc; path = GeneratedPluginRegistrant.m; sourceTree = "<group>"; };
		14AE82C910C2A12F2ECB2094 /* Pods-Runner.release.xcconfig */ = {isa = PBXFileReference; includeInIndex = 1; lastKnownFileType = text.xcconfig; name = "Pods-Runner.release.xcconfig"; path = "Target Support Files/Pods-Runner/Pods-Runner.release.xcconfig"; sourceTree = "<group>"; };
		1944D8072499F3B5E7653D44 /* libPods-RunnerTests.a */ = {isa = PBXFileReference; explicitFileType = archive.ar; includeInIndex = 0; path = "libPods-RunnerTests.a"; sourceTree = BUILT_PRODUCTS_DIR; };
		3B3967151E833CAA004F5970 /* AppFrameworkInfo.plist */ = {isa = PBXFileReference; fileEncoding = 4; lastKnownFileType = text.plist.xml; name = AppFrameworkInfo.plist; path = Flutter/AppFrameworkInfo.plist; sourceTree = "<group>"; };
		43ED1536282570DE00EB00DE /* AvailableCamerasTest.m */ = {isa = PBXFileReference; lastKnownFileType = sourcecode.c.objc; path = AvailableCamerasTest.m; sourceTree = "<group>"; };
		59848A7CA98C1FADF8840207 /* Pods-Runner.debug.xcconfig */ = {isa = PBXFileReference; includeInIndex = 1; lastKnownFileType = text.xcconfig; name = "Pods-Runner.debug.xcconfig"; path = "Target Support Files/Pods-Runner/Pods-Runner.debug.xcconfig"; sourceTree = "<group>"; };
		788A065927B0E02900533D74 /* StreamingTest.m */ = {isa = PBXFileReference; fileEncoding = 4; lastKnownFileType = sourcecode.c.objc; path = StreamingTest.m; sourceTree = "<group>"; };
		7AFA3C8E1D35360C0083082E /* Release.xcconfig */ = {isa = PBXFileReference; lastKnownFileType = text.xcconfig; name = Release.xcconfig; path = Flutter/Release.xcconfig; sourceTree = "<group>"; };
		7AFFD8ED1D35381100E5BB4D /* AppDelegate.h */ = {isa = PBXFileReference; fileEncoding = 4; lastKnownFileType = sourcecode.c.h; path = AppDelegate.h; sourceTree = "<group>"; };
		7AFFD8EE1D35381100E5BB4D /* AppDelegate.m */ = {isa = PBXFileReference; fileEncoding = 4; lastKnownFileType = sourcecode.c.objc; path = AppDelegate.m; sourceTree = "<group>"; };
		89D82918721FABF772705DB0 /* libPods-Runner.a */ = {isa = PBXFileReference; explicitFileType = archive.ar; includeInIndex = 0; path = "libPods-Runner.a"; sourceTree = BUILT_PRODUCTS_DIR; };
		9740EEB21CF90195004384FC /* Debug.xcconfig */ = {isa = PBXFileReference; fileEncoding = 4; lastKnownFileType = text.xcconfig; name = Debug.xcconfig; path = Flutter/Debug.xcconfig; sourceTree = "<group>"; };
		9740EEB31CF90195004384FC /* Generated.xcconfig */ = {isa = PBXFileReference; fileEncoding = 4; lastKnownFileType = text.xcconfig; name = Generated.xcconfig; path = Flutter/Generated.xcconfig; sourceTree = "<group>"; };
		97C146EE1CF9000F007C117D /* Runner.app */ = {isa = PBXFileReference; explicitFileType = wrapper.application; includeInIndex = 0; path = Runner.app; sourceTree = BUILT_PRODUCTS_DIR; };
		97C146F21CF9000F007C117D /* main.m */ = {isa = PBXFileReference; lastKnownFileType = sourcecode.c.objc; path = main.m; sourceTree = "<group>"; };
		97C146FB1CF9000F007C117D /* Base */ = {isa = PBXFileReference; lastKnownFileType = file.storyboard; name = Base; path = Base.lproj/Main.storyboard; sourceTree = "<group>"; };
		97C146FD1CF9000F007C117D /* Assets.xcassets */ = {isa = PBXFileReference; lastKnownFileType = folder.assetcatalog; path = Assets.xcassets; sourceTree = "<group>"; };
		97C147001CF9000F007C117D /* Base */ = {isa = PBXFileReference; lastKnownFileType = file.storyboard; name = Base; path = Base.lproj/LaunchScreen.storyboard; sourceTree = "<group>"; };
		97C147021CF9000F007C117D /* Info.plist */ = {isa = PBXFileReference; lastKnownFileType = text.plist.xml; path = Info.plist; sourceTree = "<group>"; };
		9C5CC6CAD53AD388B2694F3A /* Pods-RunnerTests.debug.xcconfig */ = {isa = PBXFileReference; includeInIndex = 1; lastKnownFileType = text.xcconfig; name = "Pods-RunnerTests.debug.xcconfig"; path = "Target Support Files/Pods-RunnerTests/Pods-RunnerTests.debug.xcconfig"; sourceTree = "<group>"; };
		A24F9E418BA48BCC7409B117 /* Pods-RunnerTests.release.xcconfig */ = {isa = PBXFileReference; includeInIndex = 1; lastKnownFileType = text.xcconfig; name = "Pods-RunnerTests.release.xcconfig"; path = "Target Support Files/Pods-RunnerTests/Pods-RunnerTests.release.xcconfig"; sourceTree = "<group>"; };
		E01EE4A72799F3A5008C1950 /* QueueUtilsTests.m */ = {isa = PBXFileReference; lastKnownFileType = sourcecode.c.objc; path = QueueUtilsTests.m; sourceTree = "<group>"; };
		E032F24F279F5E94009E9028 /* CameraCaptureSessionQueueRaceConditionTests.m */ = {isa = PBXFileReference; fileEncoding = 4; lastKnownFileType = sourcecode.c.objc; path = CameraCaptureSessionQueueRaceConditionTests.m; sourceTree = "<group>"; };
		E04F108527A87CA600573D0C /* FLTSavePhotoDelegateTests.m */ = {isa = PBXFileReference; lastKnownFileType = sourcecode.c.objc; path = FLTSavePhotoDelegateTests.m; sourceTree = "<group>"; };
		E071CF7127B3061B006EF3BA /* FLTCamPhotoCaptureTests.m */ = {isa = PBXFileReference; lastKnownFileType = sourcecode.c.objc; path = FLTCamPhotoCaptureTests.m; sourceTree = "<group>"; };
		E071CF7327B31DE4006EF3BA /* FLTCamSampleBufferTests.m */ = {isa = PBXFileReference; fileEncoding = 4; lastKnownFileType = sourcecode.c.objc; path = FLTCamSampleBufferTests.m; sourceTree = "<group>"; };
		E0B0D2BA27DFF2AF00E71E4B /* CameraPermissionTests.m */ = {isa = PBXFileReference; lastKnownFileType = sourcecode.c.objc; path = CameraPermissionTests.m; sourceTree = "<group>"; };
		E0C6E1FD2770F01A00EA6AA3 /* ThreadSafeMethodChannelTests.m */ = {isa = PBXFileReference; fileEncoding = 4; lastKnownFileType = sourcecode.c.objc; path = ThreadSafeMethodChannelTests.m; sourceTree = "<group>"; };
		E0C6E1FE2770F01A00EA6AA3 /* ThreadSafeTextureRegistryTests.m */ = {isa = PBXFileReference; fileEncoding = 4; lastKnownFileType = sourcecode.c.objc; path = ThreadSafeTextureRegistryTests.m; sourceTree = "<group>"; };
		E0C6E1FF2770F01A00EA6AA3 /* ThreadSafeEventChannelTests.m */ = {isa = PBXFileReference; fileEncoding = 4; lastKnownFileType = sourcecode.c.objc; path = ThreadSafeEventChannelTests.m; sourceTree = "<group>"; };
		E0CDBAC027CD9729002561D9 /* CameraTestUtils.h */ = {isa = PBXFileReference; lastKnownFileType = sourcecode.c.h; path = CameraTestUtils.h; sourceTree = "<group>"; };
		E0CDBAC127CD9729002561D9 /* CameraTestUtils.m */ = {isa = PBXFileReference; lastKnownFileType = sourcecode.c.objc; path = CameraTestUtils.m; sourceTree = "<group>"; };
		E0F95E3C27A32AB900699390 /* CameraPropertiesTests.m */ = {isa = PBXFileReference; lastKnownFileType = sourcecode.c.objc; path = CameraPropertiesTests.m; sourceTree = "<group>"; };
		E487C85F26D686A10034AC92 /* CameraPreviewPauseTests.m */ = {isa = PBXFileReference; lastKnownFileType = sourcecode.c.objc; path = CameraPreviewPauseTests.m; sourceTree = "<group>"; };
		F63F9EED27143B19002479BF /* MockFLTThreadSafeFlutterResult.h */ = {isa = PBXFileReference; lastKnownFileType = sourcecode.c.h; path = MockFLTThreadSafeFlutterResult.h; sourceTree = "<group>"; };
		F6EE622E2710A6FC00905E4A /* MockFLTThreadSafeFlutterResult.m */ = {isa = PBXFileReference; lastKnownFileType = sourcecode.c.objc; path = MockFLTThreadSafeFlutterResult.m; sourceTree = "<group>"; };
/* End PBXFileReference section */

/* Begin PBXFrameworksBuildPhase section */
		03BB76652665316900CE5A93 /* Frameworks */ = {
			isa = PBXFrameworksBuildPhase;
			buildActionMask = 2147483647;
			files = (
				25C3919135C3D981E6F800D0 /* libPods-RunnerTests.a in Frameworks */,
			);
			runOnlyForDeploymentPostprocessing = 0;
		};
		97C146EB1CF9000F007C117D /* Frameworks */ = {
			isa = PBXFrameworksBuildPhase;
			buildActionMask = 2147483647;
			files = (
				236906D1621AE863A5B2E770 /* libPods-Runner.a in Frameworks */,
			);
			runOnlyForDeploymentPostprocessing = 0;
		};
/* End PBXFrameworksBuildPhase section */

/* Begin PBXGroup section */
		03BB76692665316900CE5A93 /* RunnerTests */ = {
			isa = PBXGroup;
			children = (
				03BB766A2665316900CE5A93 /* CameraFocusTests.m */,
				03BB767226653ABE00CE5A93 /* CameraOrientationTests.m */,
				03BB766C2665316900CE5A93 /* Info.plist */,
				033B94BD269C40A200B4DF97 /* CameraMethodChannelTests.m */,
				03F6F8B126CBB4670024B8D3 /* ThreadSafeFlutterResultTests.m */,
				E0C6E1FF2770F01A00EA6AA3 /* ThreadSafeEventChannelTests.m */,
				E0C6E1FD2770F01A00EA6AA3 /* ThreadSafeMethodChannelTests.m */,
				E0C6E1FE2770F01A00EA6AA3 /* ThreadSafeTextureRegistryTests.m */,
				E04F108527A87CA600573D0C /* FLTSavePhotoDelegateTests.m */,
				E071CF7127B3061B006EF3BA /* FLTCamPhotoCaptureTests.m */,
				E071CF7327B31DE4006EF3BA /* FLTCamSampleBufferTests.m */,
				E0B0D2BA27DFF2AF00E71E4B /* CameraPermissionTests.m */,
				E01EE4A72799F3A5008C1950 /* QueueUtilsTests.m */,
				E0CDBAC027CD9729002561D9 /* CameraTestUtils.h */,
				E0CDBAC127CD9729002561D9 /* CameraTestUtils.m */,
				E487C85F26D686A10034AC92 /* CameraPreviewPauseTests.m */,
				F6EE622E2710A6FC00905E4A /* MockFLTThreadSafeFlutterResult.m */,
				F63F9EED27143B19002479BF /* MockFLTThreadSafeFlutterResult.h */,
				E032F24F279F5E94009E9028 /* CameraCaptureSessionQueueRaceConditionTests.m */,
				E0F95E3C27A32AB900699390 /* CameraPropertiesTests.m */,
				788A065927B0E02900533D74 /* StreamingTest.m */,
				43ED1536282570DE00EB00DE /* AvailableCamerasTest.m */,
			);
			path = RunnerTests;
			sourceTree = "<group>";
		};
		3242FD2B467C15C62200632F /* Frameworks */ = {
			isa = PBXGroup;
			children = (
				89D82918721FABF772705DB0 /* libPods-Runner.a */,
				1944D8072499F3B5E7653D44 /* libPods-RunnerTests.a */,
			);
			name = Frameworks;
			sourceTree = "<group>";
		};
		9740EEB11CF90186004384FC /* Flutter */ = {
			isa = PBXGroup;
			children = (
				3B3967151E833CAA004F5970 /* AppFrameworkInfo.plist */,
				9740EEB21CF90195004384FC /* Debug.xcconfig */,
				7AFA3C8E1D35360C0083082E /* Release.xcconfig */,
				9740EEB31CF90195004384FC /* Generated.xcconfig */,
			);
			name = Flutter;
			sourceTree = "<group>";
		};
		97C146E51CF9000F007C117D = {
			isa = PBXGroup;
			children = (
				9740EEB11CF90186004384FC /* Flutter */,
				97C146F01CF9000F007C117D /* Runner */,
				03BB76692665316900CE5A93 /* RunnerTests */,
				97C146EF1CF9000F007C117D /* Products */,
				FD386F00E98D73419C929072 /* Pods */,
				3242FD2B467C15C62200632F /* Frameworks */,
			);
			sourceTree = "<group>";
		};
		97C146EF1CF9000F007C117D /* Products */ = {
			isa = PBXGroup;
			children = (
				97C146EE1CF9000F007C117D /* Runner.app */,
				03BB76682665316900CE5A93 /* RunnerTests.xctest */,
			);
			name = Products;
			sourceTree = "<group>";
		};
		97C146F01CF9000F007C117D /* Runner */ = {
			isa = PBXGroup;
			children = (
				7AFFD8ED1D35381100E5BB4D /* AppDelegate.h */,
				7AFFD8EE1D35381100E5BB4D /* AppDelegate.m */,
				97C146FA1CF9000F007C117D /* Main.storyboard */,
				97C146FD1CF9000F007C117D /* Assets.xcassets */,
				97C146FF1CF9000F007C117D /* LaunchScreen.storyboard */,
				97C147021CF9000F007C117D /* Info.plist */,
				97C146F11CF9000F007C117D /* Supporting Files */,
				1498D2321E8E86230040F4C2 /* GeneratedPluginRegistrant.h */,
				1498D2331E8E89220040F4C2 /* GeneratedPluginRegistrant.m */,
			);
			path = Runner;
			sourceTree = "<group>";
		};
		97C146F11CF9000F007C117D /* Supporting Files */ = {
			isa = PBXGroup;
			children = (
				97C146F21CF9000F007C117D /* main.m */,
			);
			name = "Supporting Files";
			sourceTree = "<group>";
		};
		FD386F00E98D73419C929072 /* Pods */ = {
			isa = PBXGroup;
			children = (
				59848A7CA98C1FADF8840207 /* Pods-Runner.debug.xcconfig */,
				14AE82C910C2A12F2ECB2094 /* Pods-Runner.release.xcconfig */,
				9C5CC6CAD53AD388B2694F3A /* Pods-RunnerTests.debug.xcconfig */,
				A24F9E418BA48BCC7409B117 /* Pods-RunnerTests.release.xcconfig */,
			);
			path = Pods;
			sourceTree = "<group>";
		};
/* End PBXGroup section */

/* Begin PBXNativeTarget section */
		03BB76672665316900CE5A93 /* RunnerTests */ = {
			isa = PBXNativeTarget;
			buildConfigurationList = 03BB76712665316900CE5A93 /* Build configuration list for PBXNativeTarget "RunnerTests" */;
			buildPhases = (
				422786A96136AA9087A2041B /* [CP] Check Pods Manifest.lock */,
				03BB76642665316900CE5A93 /* Sources */,
				03BB76652665316900CE5A93 /* Frameworks */,
				03BB76662665316900CE5A93 /* Resources */,
			);
			buildRules = (
			);
			dependencies = (
				03BB766E2665316900CE5A93 /* PBXTargetDependency */,
			);
			name = RunnerTests;
			productName = camera_exampleTests;
			productReference = 03BB76682665316900CE5A93 /* RunnerTests.xctest */;
			productType = "com.apple.product-type.bundle.unit-test";
		};
		97C146ED1CF9000F007C117D /* Runner */ = {
			isa = PBXNativeTarget;
			buildConfigurationList = 97C147051CF9000F007C117D /* Build configuration list for PBXNativeTarget "Runner" */;
			buildPhases = (
				9872F2A25E8A171A111468CD /* [CP] Check Pods Manifest.lock */,
				9740EEB61CF901F6004384FC /* Run Script */,
				97C146EA1CF9000F007C117D /* Sources */,
				97C146EB1CF9000F007C117D /* Frameworks */,
				97C146EC1CF9000F007C117D /* Resources */,
				9705A1C41CF9048500538489 /* Embed Frameworks */,
				3B06AD1E1E4923F5004D2608 /* Thin Binary */,
			);
			buildRules = (
			);
			dependencies = (
			);
			name = Runner;
			productName = Runner;
			productReference = 97C146EE1CF9000F007C117D /* Runner.app */;
			productType = "com.apple.product-type.application";
		};
/* End PBXNativeTarget section */

/* Begin PBXProject section */
		97C146E61CF9000F007C117D /* Project object */ = {
			isa = PBXProject;
			attributes = {
				LastUpgradeCheck = 1300;
				ORGANIZATIONNAME = "The Flutter Authors";
				TargetAttributes = {
					03BB76672665316900CE5A93 = {
						CreatedOnToolsVersion = 12.5;
						ProvisioningStyle = Automatic;
						TestTargetID = 97C146ED1CF9000F007C117D;
					};
					97C146ED1CF9000F007C117D = {
						CreatedOnToolsVersion = 7.3.1;
					};
				};
			};
			buildConfigurationList = 97C146E91CF9000F007C117D /* Build configuration list for PBXProject "Runner" */;
			compatibilityVersion = "Xcode 3.2";
			developmentRegion = en;
			hasScannedForEncodings = 0;
			knownRegions = (
				en,
				Base,
			);
			mainGroup = 97C146E51CF9000F007C117D;
			productRefGroup = 97C146EF1CF9000F007C117D /* Products */;
			projectDirPath = "";
			projectRoot = "";
			targets = (
				97C146ED1CF9000F007C117D /* Runner */,
				03BB76672665316900CE5A93 /* RunnerTests */,
			);
		};
/* End PBXProject section */

/* Begin PBXResourcesBuildPhase section */
		03BB76662665316900CE5A93 /* Resources */ = {
			isa = PBXResourcesBuildPhase;
			buildActionMask = 2147483647;
			files = (
			);
			runOnlyForDeploymentPostprocessing = 0;
		};
		97C146EC1CF9000F007C117D /* Resources */ = {
			isa = PBXResourcesBuildPhase;
			buildActionMask = 2147483647;
			files = (
				97C147011CF9000F007C117D /* LaunchScreen.storyboard in Resources */,
				3B3967161E833CAA004F5970 /* AppFrameworkInfo.plist in Resources */,
				97C146FE1CF9000F007C117D /* Assets.xcassets in Resources */,
				97C146FC1CF9000F007C117D /* Main.storyboard in Resources */,
			);
			runOnlyForDeploymentPostprocessing = 0;
		};
/* End PBXResourcesBuildPhase section */

/* Begin PBXShellScriptBuildPhase section */
		3B06AD1E1E4923F5004D2608 /* Thin Binary */ = {
			isa = PBXShellScriptBuildPhase;
			buildActionMask = 2147483647;
			files = (
			);
			inputPaths = (
			);
			name = "Thin Binary";
			outputPaths = (
			);
			runOnlyForDeploymentPostprocessing = 0;
			shellPath = /bin/sh;
			shellScript = "/bin/sh \"$FLUTTER_ROOT/packages/flutter_tools/bin/xcode_backend.sh\" embed_and_thin";
		};
		422786A96136AA9087A2041B /* [CP] Check Pods Manifest.lock */ = {
			isa = PBXShellScriptBuildPhase;
			buildActionMask = 2147483647;
			files = (
			);
			inputFileListPaths = (
			);
			inputPaths = (
				"${PODS_PODFILE_DIR_PATH}/Podfile.lock",
				"${PODS_ROOT}/Manifest.lock",
			);
			name = "[CP] Check Pods Manifest.lock";
			outputFileListPaths = (
			);
			outputPaths = (
				"$(DERIVED_FILE_DIR)/Pods-RunnerTests-checkManifestLockResult.txt",
			);
			runOnlyForDeploymentPostprocessing = 0;
			shellPath = /bin/sh;
			shellScript = "diff \"${PODS_PODFILE_DIR_PATH}/Podfile.lock\" \"${PODS_ROOT}/Manifest.lock\" > /dev/null\nif [ $? != 0 ] ; then\n    # print error to STDERR\n    echo \"error: The sandbox is not in sync with the Podfile.lock. Run 'pod install' or update your CocoaPods installation.\" >&2\n    exit 1\nfi\n# This output is used by Xcode 'outputs' to avoid re-running this script phase.\necho \"SUCCESS\" > \"${SCRIPT_OUTPUT_FILE_0}\"\n";
			showEnvVarsInLog = 0;
		};
		9740EEB61CF901F6004384FC /* Run Script */ = {
			isa = PBXShellScriptBuildPhase;
			buildActionMask = 2147483647;
			files = (
			);
			inputPaths = (
			);
			name = "Run Script";
			outputPaths = (
			);
			runOnlyForDeploymentPostprocessing = 0;
			shellPath = /bin/sh;
			shellScript = "/bin/sh \"$FLUTTER_ROOT/packages/flutter_tools/bin/xcode_backend.sh\" build";
		};
		9872F2A25E8A171A111468CD /* [CP] Check Pods Manifest.lock */ = {
			isa = PBXShellScriptBuildPhase;
			buildActionMask = 2147483647;
			files = (
			);
			inputFileListPaths = (
			);
			inputPaths = (
				"${PODS_PODFILE_DIR_PATH}/Podfile.lock",
				"${PODS_ROOT}/Manifest.lock",
			);
			name = "[CP] Check Pods Manifest.lock";
			outputFileListPaths = (
			);
			outputPaths = (
				"$(DERIVED_FILE_DIR)/Pods-Runner-checkManifestLockResult.txt",
			);
			runOnlyForDeploymentPostprocessing = 0;
			shellPath = /bin/sh;
			shellScript = "diff \"${PODS_PODFILE_DIR_PATH}/Podfile.lock\" \"${PODS_ROOT}/Manifest.lock\" > /dev/null\nif [ $? != 0 ] ; then\n    # print error to STDERR\n    echo \"error: The sandbox is not in sync with the Podfile.lock. Run 'pod install' or update your CocoaPods installation.\" >&2\n    exit 1\nfi\n# This output is used by Xcode 'outputs' to avoid re-running this script phase.\necho \"SUCCESS\" > \"${SCRIPT_OUTPUT_FILE_0}\"\n";
			showEnvVarsInLog = 0;
		};
/* End PBXShellScriptBuildPhase section */

/* Begin PBXSourcesBuildPhase section */
		03BB76642665316900CE5A93 /* Sources */ = {
			isa = PBXSourcesBuildPhase;
			buildActionMask = 2147483647;
			files = (
				03F6F8B226CBB4670024B8D3 /* ThreadSafeFlutterResultTests.m in Sources */,
				033B94BE269C40A200B4DF97 /* CameraMethodChannelTests.m in Sources */,
				E071CF7227B3061B006EF3BA /* FLTCamPhotoCaptureTests.m in Sources */,
				E0F95E3D27A32AB900699390 /* CameraPropertiesTests.m in Sources */,
				03BB766B2665316900CE5A93 /* CameraFocusTests.m in Sources */,
				E487C86026D686A10034AC92 /* CameraPreviewPauseTests.m in Sources */,
				E071CF7427B31DE4006EF3BA /* FLTCamSampleBufferTests.m in Sources */,
				E04F108627A87CA600573D0C /* FLTSavePhotoDelegateTests.m in Sources */,
				43ED1537282570DE00EB00DE /* AvailableCamerasTest.m in Sources */,
				F6EE622F2710A6FC00905E4A /* MockFLTThreadSafeFlutterResult.m in Sources */,
				E0CDBAC227CD9729002561D9 /* CameraTestUtils.m in Sources */,
				334733EA2668111C00DCC49E /* CameraOrientationTests.m in Sources */,
				E032F250279F5E94009E9028 /* CameraCaptureSessionQueueRaceConditionTests.m in Sources */,
				788A065A27B0E02900533D74 /* StreamingTest.m in Sources */,
				E0C6E2022770F01A00EA6AA3 /* ThreadSafeEventChannelTests.m in Sources */,
				E0C6E2012770F01A00EA6AA3 /* ThreadSafeTextureRegistryTests.m in Sources */,
				E0B0D2BB27DFF2AF00E71E4B /* CameraPermissionTests.m in Sources */,
				E0C6E2002770F01A00EA6AA3 /* ThreadSafeMethodChannelTests.m in Sources */,
				E01EE4A82799F3A5008C1950 /* QueueUtilsTests.m in Sources */,
			);
			runOnlyForDeploymentPostprocessing = 0;
		};
		97C146EA1CF9000F007C117D /* Sources */ = {
			isa = PBXSourcesBuildPhase;
			buildActionMask = 2147483647;
			files = (
				978B8F6F1D3862AE00F588F7 /* AppDelegate.m in Sources */,
				97C146F31CF9000F007C117D /* main.m in Sources */,
				1498D2341E8E89220040F4C2 /* GeneratedPluginRegistrant.m in Sources */,
			);
			runOnlyForDeploymentPostprocessing = 0;
		};
/* End PBXSourcesBuildPhase section */

/* Begin PBXTargetDependency section */
		03BB766E2665316900CE5A93 /* PBXTargetDependency */ = {
			isa = PBXTargetDependency;
			target = 97C146ED1CF9000F007C117D /* Runner */;
			targetProxy = 03BB766D2665316900CE5A93 /* PBXContainerItemProxy */;
		};
/* End PBXTargetDependency section */

/* Begin PBXVariantGroup section */
		97C146FA1CF9000F007C117D /* Main.storyboard */ = {
			isa = PBXVariantGroup;
			children = (
				97C146FB1CF9000F007C117D /* Base */,
			);
			name = Main.storyboard;
			sourceTree = "<group>";
		};
		97C146FF1CF9000F007C117D /* LaunchScreen.storyboard */ = {
			isa = PBXVariantGroup;
			children = (
				97C147001CF9000F007C117D /* Base */,
			);
			name = LaunchScreen.storyboard;
			sourceTree = "<group>";
		};
/* End PBXVariantGroup section */

/* Begin XCBuildConfiguration section */
		03BB766F2665316900CE5A93 /* Debug */ = {
			isa = XCBuildConfiguration;
			baseConfigurationReference = 9C5CC6CAD53AD388B2694F3A /* Pods-RunnerTests.debug.xcconfig */;
			buildSettings = {
				BUNDLE_LOADER = "$(TEST_HOST)";
				CLANG_ANALYZER_NUMBER_OBJECT_CONVERSION = YES_AGGRESSIVE;
				CLANG_CXX_LANGUAGE_STANDARD = "gnu++14";
				CLANG_ENABLE_OBJC_WEAK = YES;
				CLANG_WARN_DOCUMENTATION_COMMENTS = YES;
				CLANG_WARN_QUOTED_INCLUDE_IN_FRAMEWORK_HEADER = NO;
				CLANG_WARN_UNGUARDED_AVAILABILITY = YES_AGGRESSIVE;
				CODE_SIGN_STYLE = Automatic;
				DEVELOPMENT_TEAM = "";
				GCC_C_LANGUAGE_STANDARD = gnu11;
				INFOPLIST_FILE = RunnerTests/Info.plist;
				IPHONEOS_DEPLOYMENT_TARGET = 11.0;
				LD_RUNPATH_SEARCH_PATHS = "$(inherited) @executable_path/Frameworks @loader_path/Frameworks";
				MTL_ENABLE_DEBUG_INFO = INCLUDE_SOURCE;
				MTL_FAST_MATH = YES;
				PRODUCT_BUNDLE_IDENTIFIER = "dev.flutter.plugins.cameraExample.camera-exampleTests";
				PRODUCT_NAME = "$(TARGET_NAME)";
				TARGETED_DEVICE_FAMILY = "1,2";
				TEST_HOST = "$(BUILT_PRODUCTS_DIR)/Runner.app/Runner";
			};
			name = Debug;
		};
		03BB76702665316900CE5A93 /* Release */ = {
			isa = XCBuildConfiguration;
			baseConfigurationReference = A24F9E418BA48BCC7409B117 /* Pods-RunnerTests.release.xcconfig */;
			buildSettings = {
				BUNDLE_LOADER = "$(TEST_HOST)";
				CLANG_ANALYZER_NUMBER_OBJECT_CONVERSION = YES_AGGRESSIVE;
				CLANG_CXX_LANGUAGE_STANDARD = "gnu++14";
				CLANG_ENABLE_OBJC_WEAK = YES;
				CLANG_WARN_DOCUMENTATION_COMMENTS = YES;
				CLANG_WARN_QUOTED_INCLUDE_IN_FRAMEWORK_HEADER = NO;
				CLANG_WARN_UNGUARDED_AVAILABILITY = YES_AGGRESSIVE;
				CODE_SIGN_STYLE = Automatic;
				DEVELOPMENT_TEAM = "";
				GCC_C_LANGUAGE_STANDARD = gnu11;
				INFOPLIST_FILE = RunnerTests/Info.plist;
				IPHONEOS_DEPLOYMENT_TARGET = 11.0;
				LD_RUNPATH_SEARCH_PATHS = "$(inherited) @executable_path/Frameworks @loader_path/Frameworks";
				MTL_FAST_MATH = YES;
				PRODUCT_BUNDLE_IDENTIFIER = "dev.flutter.plugins.cameraExample.camera-exampleTests";
				PRODUCT_NAME = "$(TARGET_NAME)";
				TARGETED_DEVICE_FAMILY = "1,2";
				TEST_HOST = "$(BUILT_PRODUCTS_DIR)/Runner.app/Runner";
			};
			name = Release;
		};
		97C147031CF9000F007C117D /* Debug */ = {
			isa = XCBuildConfiguration;
			buildSettings = {
				ALWAYS_SEARCH_USER_PATHS = NO;
				CLANG_ANALYZER_LOCALIZABILITY_NONLOCALIZED = YES;
				CLANG_ANALYZER_NONNULL = YES;
				CLANG_CXX_LANGUAGE_STANDARD = "gnu++0x";
				CLANG_CXX_LIBRARY = "libc++";
				CLANG_ENABLE_MODULES = YES;
				CLANG_ENABLE_OBJC_ARC = YES;
				CLANG_WARN_BLOCK_CAPTURE_AUTORELEASING = YES;
				CLANG_WARN_BOOL_CONVERSION = YES;
				CLANG_WARN_COMMA = YES;
				CLANG_WARN_CONSTANT_CONVERSION = YES;
				CLANG_WARN_DEPRECATED_OBJC_IMPLEMENTATIONS = YES;
				CLANG_WARN_DIRECT_OBJC_ISA_USAGE = YES_ERROR;
				CLANG_WARN_EMPTY_BODY = YES;
				CLANG_WARN_ENUM_CONVERSION = YES;
				CLANG_WARN_INFINITE_RECURSION = YES;
				CLANG_WARN_INT_CONVERSION = YES;
				CLANG_WARN_NON_LITERAL_NULL_CONVERSION = YES;
				CLANG_WARN_OBJC_IMPLICIT_RETAIN_SELF = YES;
				CLANG_WARN_OBJC_LITERAL_CONVERSION = YES;
				CLANG_WARN_OBJC_ROOT_CLASS = YES_ERROR;
				CLANG_WARN_RANGE_LOOP_ANALYSIS = YES;
				CLANG_WARN_STRICT_PROTOTYPES = YES;
				CLANG_WARN_SUSPICIOUS_MOVE = YES;
				CLANG_WARN_UNREACHABLE_CODE = YES;
				CLANG_WARN__DUPLICATE_METHOD_MATCH = YES;
				"CODE_SIGN_IDENTITY[sdk=iphoneos*]" = "iPhone Developer";
				COPY_PHASE_STRIP = NO;
				DEBUG_INFORMATION_FORMAT = dwarf;
				ENABLE_STRICT_OBJC_MSGSEND = YES;
				ENABLE_TESTABILITY = YES;
				GCC_C_LANGUAGE_STANDARD = gnu99;
				GCC_DYNAMIC_NO_PIC = NO;
				GCC_NO_COMMON_BLOCKS = YES;
				GCC_OPTIMIZATION_LEVEL = 0;
				GCC_PREPROCESSOR_DEFINITIONS = (
					"DEBUG=1",
					"$(inherited)",
				);
				GCC_WARN_64_TO_32_BIT_CONVERSION = YES;
				GCC_WARN_ABOUT_RETURN_TYPE = YES_ERROR;
				GCC_WARN_UNDECLARED_SELECTOR = YES;
				GCC_WARN_UNINITIALIZED_AUTOS = YES_AGGRESSIVE;
				GCC_WARN_UNUSED_FUNCTION = YES;
				GCC_WARN_UNUSED_VARIABLE = YES;
				IPHONEOS_DEPLOYMENT_TARGET = 9.0;
				MTL_ENABLE_DEBUG_INFO = YES;
				ONLY_ACTIVE_ARCH = YES;
				SDKROOT = iphoneos;
				TARGETED_DEVICE_FAMILY = "1,2";
			};
			name = Debug;
		};
		97C147041CF9000F007C117D /* Release */ = {
			isa = XCBuildConfiguration;
			buildSettings = {
				ALWAYS_SEARCH_USER_PATHS = NO;
				CLANG_ANALYZER_LOCALIZABILITY_NONLOCALIZED = YES;
				CLANG_ANALYZER_NONNULL = YES;
				CLANG_CXX_LANGUAGE_STANDARD = "gnu++0x";
				CLANG_CXX_LIBRARY = "libc++";
				CLANG_ENABLE_MODULES = YES;
				CLANG_ENABLE_OBJC_ARC = YES;
				CLANG_WARN_BLOCK_CAPTURE_AUTORELEASING = YES;
				CLANG_WARN_BOOL_CONVERSION = YES;
				CLANG_WARN_COMMA = YES;
				CLANG_WARN_CONSTANT_CONVERSION = YES;
				CLANG_WARN_DEPRECATED_OBJC_IMPLEMENTATIONS = YES;
				CLANG_WARN_DIRECT_OBJC_ISA_USAGE = YES_ERROR;
				CLANG_WARN_EMPTY_BODY = YES;
				CLANG_WARN_ENUM_CONVERSION = YES;
				CLANG_WARN_INFINITE_RECURSION = YES;
				CLANG_WARN_INT_CONVERSION = YES;
				CLANG_WARN_NON_LITERAL_NULL_CONVERSION = YES;
				CLANG_WARN_OBJC_IMPLICIT_RETAIN_SELF = YES;
				CLANG_WARN_OBJC_LITERAL_CONVERSION = YES;
				CLANG_WARN_OBJC_ROOT_CLASS = YES_ERROR;
				CLANG_WARN_RANGE_LOOP_ANALYSIS = YES;
				CLANG_WARN_STRICT_PROTOTYPES = YES;
				CLANG_WARN_SUSPICIOUS_MOVE = YES;
				CLANG_WARN_UNREACHABLE_CODE = YES;
				CLANG_WARN__DUPLICATE_METHOD_MATCH = YES;
				"CODE_SIGN_IDENTITY[sdk=iphoneos*]" = "iPhone Developer";
				COPY_PHASE_STRIP = NO;
				DEBUG_INFORMATION_FORMAT = "dwarf-with-dsym";
				ENABLE_NS_ASSERTIONS = NO;
				ENABLE_STRICT_OBJC_MSGSEND = YES;
				GCC_C_LANGUAGE_STANDARD = gnu99;
				GCC_NO_COMMON_BLOCKS = YES;
				GCC_WARN_64_TO_32_BIT_CONVERSION = YES;
				GCC_WARN_ABOUT_RETURN_TYPE = YES_ERROR;
				GCC_WARN_UNDECLARED_SELECTOR = YES;
				GCC_WARN_UNINITIALIZED_AUTOS = YES_AGGRESSIVE;
				GCC_WARN_UNUSED_FUNCTION = YES;
				GCC_WARN_UNUSED_VARIABLE = YES;
				IPHONEOS_DEPLOYMENT_TARGET = 9.0;
				MTL_ENABLE_DEBUG_INFO = NO;
				SDKROOT = iphoneos;
				TARGETED_DEVICE_FAMILY = "1,2";
				VALIDATE_PRODUCT = YES;
			};
			name = Release;
		};
		97C147061CF9000F007C117D /* Debug */ = {
			isa = XCBuildConfiguration;
			baseConfigurationReference = 9740EEB21CF90195004384FC /* Debug.xcconfig */;
			buildSettings = {
				ASSETCATALOG_COMPILER_APPICON_NAME = AppIcon;
				DEVELOPMENT_TEAM = "";
				ENABLE_BITCODE = NO;
				FRAMEWORK_SEARCH_PATHS = (
					"$(inherited)",
					"$(PROJECT_DIR)/Flutter",
				);
				INFOPLIST_FILE = Runner/Info.plist;
				LD_RUNPATH_SEARCH_PATHS = "$(inherited) @executable_path/Frameworks";
				LIBRARY_SEARCH_PATHS = (
					"$(inherited)",
					"$(PROJECT_DIR)/Flutter",
				);
				PRODUCT_BUNDLE_IDENTIFIER = dev.flutter.plugins.cameraExample;
				PRODUCT_NAME = "$(TARGET_NAME)";
			};
			name = Debug;
		};
		97C147071CF9000F007C117D /* Release */ = {
			isa = XCBuildConfiguration;
			baseConfigurationReference = 7AFA3C8E1D35360C0083082E /* Release.xcconfig */;
			buildSettings = {
				ASSETCATALOG_COMPILER_APPICON_NAME = AppIcon;
				DEVELOPMENT_TEAM = "";
				ENABLE_BITCODE = NO;
				FRAMEWORK_SEARCH_PATHS = (
					"$(inherited)",
					"$(PROJECT_DIR)/Flutter",
				);
				INFOPLIST_FILE = Runner/Info.plist;
				LD_RUNPATH_SEARCH_PATHS = "$(inherited) @executable_path/Frameworks";
				LIBRARY_SEARCH_PATHS = (
					"$(inherited)",
					"$(PROJECT_DIR)/Flutter",
				);
				PRODUCT_BUNDLE_IDENTIFIER = dev.flutter.plugins.cameraExample;
				PRODUCT_NAME = "$(TARGET_NAME)";
			};
			name = Release;
		};
/* End XCBuildConfiguration section */

/* Begin XCConfigurationList section */
		03BB76712665316900CE5A93 /* Build configuration list for PBXNativeTarget "RunnerTests" */ = {
			isa = XCConfigurationList;
			buildConfigurations = (
				03BB766F2665316900CE5A93 /* Debug */,
				03BB76702665316900CE5A93 /* Release */,
			);
			defaultConfigurationIsVisible = 0;
			defaultConfigurationName = Release;
		};
		97C146E91CF9000F007C117D /* Build configuration list for PBXProject "Runner" */ = {
			isa = XCConfigurationList;
			buildConfigurations = (
				97C147031CF9000F007C117D /* Debug */,
				97C147041CF9000F007C117D /* Release */,
			);
			defaultConfigurationIsVisible = 0;
			defaultConfigurationName = Release;
		};
		97C147051CF9000F007C117D /* Build configuration list for PBXNativeTarget "Runner" */ = {
			isa = XCConfigurationList;
			buildConfigurations = (
				97C147061CF9000F007C117D /* Debug */,
				97C147071CF9000F007C117D /* Release */,
			);
			defaultConfigurationIsVisible = 0;
			defaultConfigurationName = Release;
		};
/* End XCConfigurationList section */
	};
	rootObject = 97C146E61CF9000F007C117D /* Project object */;
}
