# This is a Gradle generated file for dependency locking.
# Manual edits can break the build and are not advised.
# This file is expected to be part of source control.
androidx.activity:activity:1.0.0
androidx.annotation:annotation:1.1.0
androidx.appcompat:appcompat-resources:1.1.0
androidx.appcompat:appcompat:1.1.0
androidx.arch.core:core-common:2.1.0
androidx.arch.core:core-runtime:2.0.0
androidx.asynclayoutinflater:asynclayoutinflater:1.0.0
androidx.cardview:cardview:1.0.0
androidx.collection:collection:1.1.0
androidx.constraintlayout:constraintlayout-solver:1.1.3
androidx.constraintlayout:constraintlayout:1.1.3
androidx.coordinatorlayout:coordinatorlayout:1.0.0
androidx.core:core:1.1.0
androidx.cursoradapter:cursoradapter:1.0.0
androidx.customview:customview:1.0.0
androidx.documentfile:documentfile:1.0.0
androidx.drawerlayout:drawerlayout:1.0.0
androidx.fragment:fragment:1.1.0
androidx.interpolator:interpolator:1.0.0
androidx.legacy:legacy-support-core-ui:1.0.0
androidx.legacy:legacy-support-core-utils:1.0.0
androidx.lifecycle:lifecycle-common-java8:2.2.0-alpha01
androidx.lifecycle:lifecycle-common:2.2.0-alpha01
androidx.lifecycle:lifecycle-livedata-core:2.0.0
androidx.lifecycle:lifecycle-livedata:2.0.0
androidx.lifecycle:lifecycle-runtime:2.1.0
androidx.lifecycle:lifecycle-viewmodel:2.1.0
androidx.loader:loader:1.0.0
androidx.localbroadcastmanager:localbroadcastmanager:1.0.0
androidx.print:print:1.0.0
androidx.recyclerview:recyclerview:1.0.0
androidx.savedstate:savedstate:1.0.0
androidx.slidingpanelayout:slidingpanelayout:1.0.0
androidx.swiperefreshlayout:swiperefreshlayout:1.0.0
androidx.transition:transition:1.0.0
androidx.vectordrawable:vectordrawable-animated:1.1.0
androidx.vectordrawable:vectordrawable:1.1.0
androidx.versionedparcelable:versionedparcelable:1.1.0
androidx.viewpager:viewpager:1.0.0
com.facebook.testing.screenshot:core:0.12.0
com.facebook.testing.screenshot:layout-hierarchy-common:0.12.0
com.google.android.material:material:1.0.0
com.google.code.findbugs:jsr305:3.0.2
com.google.errorprone:error_prone_annotations:2.3.2
com.google.guava:failureaccess:1.0.1
com.google.guava:guava:28.1-android
com.google.guava:listenablefuture:9999.0-empty-to-avoid-conflict-with-guava
com.google.j2objc:j2objc-annotations:1.3
com.squareup.curtains:curtains:1.0.1
com.squareup.leakcanary:leakcanary-android-core:2.7
com.squareup.leakcanary:leakcanary-android-utils:2.7
com.squareup.leakcanary:leakcanary-android:2.7
com.squareup.leakcanary:leakcanary-object-watcher-android-androidx:2.7
com.squareup.leakcanary:leakcanary-object-watcher-android-support-fragments:2.7
com.squareup.leakcanary:leakcanary-object-watcher-android:2.7
com.squareup.leakcanary:leakcanary-object-watcher:2.7
com.squareup.leakcanary:plumber-android:2.7
com.squareup.leakcanary:shark-android:2.7
com.squareup.leakcanary:shark-graph:2.7
com.squareup.leakcanary:shark-hprof:2.7
com.squareup.leakcanary:shark-log:2.7
com.squareup.leakcanary:shark:2.7
junit:junit:4.12
org.checkerframework:checker-compat-qual:2.5.5
org.codehaus.mojo:animal-sniffer-annotations:1.18
org.hamcrest:hamcrest-core:1.3
org.jetbrains.kotlin:kotlin-stdlib-common:1.4.21
org.jetbrains.kotlin:kotlin-stdlib:1.4.21
org.jetbrains:annotations:13.0
